// !$*UTF8*$!
{
	archiveVersion = 1;
	classes = {
	};
	objectVersion = 46;
	objects = {

/* Begin PBXBuildFile section */
		4F7F94D61B0E3C4D00F7A55F /* AppDelegate.swift in Sources */ = {isa = PBXBuildFile; fileRef = 4F7F94D51B0E3C4D00F7A55F /* AppDelegate.swift */; };
		4F7F94D81B0E3C4D00F7A55F /* ViewController.swift in Sources */ = {isa = PBXBuildFile; fileRef = 4F7F94D71B0E3C4D00F7A55F /* ViewController.swift */; };
		4F7F94DB1B0E3C4D00F7A55F /* Main.storyboard in Resources */ = {isa = PBXBuildFile; fileRef = 4F7F94D91B0E3C4D00F7A55F /* Main.storyboard */; };
		4F7F94DD1B0E3C4D00F7A55F /* Images.xcassets in Resources */ = {isa = PBXBuildFile; fileRef = 4F7F94DC1B0E3C4D00F7A55F /* Images.xcassets */; };
		4F7F94E01B0E3C4D00F7A55F /* LaunchScreen.xib in Resources */ = {isa = PBXBuildFile; fileRef = 4F7F94DE1B0E3C4D00F7A55F /* LaunchScreen.xib */; };
		4F7F96691B0E3CF400F7A55F /* libKIF.a in Frameworks */ = {isa = PBXBuildFile; fileRef = 4F7F96581B0E3CDA00F7A55F /* libKIF.a */; };
		4F7F966D1B0E3D9A00F7A55F /* IOKit.framework in Frameworks */ = {isa = PBXBuildFile; fileRef = 4F7F966C1B0E3D9A00F7A55F /* IOKit.framework */; };
		4F7F96721B0E402500F7A55F /* TestAutomationTests.swift in Sources */ = {isa = PBXBuildFile; fileRef = 4F7F94EB1B0E3C4D00F7A55F /* TestAutomationTests.swift */; };
		4F7F96731B0E407100F7A55F /* KifExtension.swift in Sources */ = {isa = PBXBuildFile; fileRef = 4F7F966E1B0E3E1C00F7A55F /* KifExtension.swift */; };
		4F7F96741B0E407300F7A55F /* SampleTest.swift in Sources */ = {isa = PBXBuildFile; fileRef = 4F7F96701B0E3E5100F7A55F /* SampleTest.swift */; };
/* End PBXBuildFile section */

/* Begin PBXContainerItemProxy section */
		4F7F94E61B0E3C4D00F7A55F /* PBXContainerItemProxy */ = {
			isa = PBXContainerItemProxy;
			containerPortal = 4F7F94C81B0E3C4D00F7A55F /* Project object */;
			proxyType = 1;
			remoteGlobalIDString = 4F7F94CF1B0E3C4D00F7A55F;
			remoteInfo = TestAutomation;
		};
		4F7F96501B0E3CDA00F7A55F /* PBXContainerItemProxy */ = {
			isa = PBXContainerItemProxy;
			containerPortal = 4F7F95491B0E3CDA00F7A55F /* Calculator.xcodeproj */;
			proxyType = 2;
			remoteGlobalIDString = EB4C30D9167B9E3A00E31109;
			remoteInfo = Calculator;
		};
		4F7F96521B0E3CDA00F7A55F /* PBXContainerItemProxy */ = {
			isa = PBXContainerItemProxy;
			containerPortal = 4F7F95491B0E3CDA00F7A55F /* Calculator.xcodeproj */;
			proxyType = 2;
			remoteGlobalIDString = EB4C313F167BA79700E31109;
			remoteInfo = "Acceptance Tests";
		};
		4F7F96571B0E3CDA00F7A55F /* PBXContainerItemProxy */ = {
			isa = PBXContainerItemProxy;
			containerPortal = 4F7F95AD1B0E3CDA00F7A55F /* KIF.xcodeproj */;
			proxyType = 2;
			remoteGlobalIDString = EABD46AA1857A0C700A5F081;
			remoteInfo = KIF;
		};
		4F7F96591B0E3CDA00F7A55F /* PBXContainerItemProxy */ = {
			isa = PBXContainerItemProxy;
			containerPortal = 4F7F95AD1B0E3CDA00F7A55F /* KIF.xcodeproj */;
			proxyType = 2;
			remoteGlobalIDString = EB60ECC1177F8C83005A041A;
			remoteInfo = "Test Host";
		};
		4F7F965B1B0E3CDA00F7A55F /* PBXContainerItemProxy */ = {
			isa = PBXContainerItemProxy;
			containerPortal = 4F7F95AD1B0E3CDA00F7A55F /* KIF.xcodeproj */;
			proxyType = 2;
			remoteGlobalIDString = 9CC9673B1AD4B1B600576D13;
			remoteInfo = KIFFramework;
		};
		4F7F965F1B0E3CDA00F7A55F /* PBXContainerItemProxy */ = {
			isa = PBXContainerItemProxy;
			containerPortal = 4F7F95731B0E3CDA00F7A55F /* Testable Swift.xcodeproj */;
			proxyType = 2;
			remoteGlobalIDString = A88CD97D1A019AFF0064F706;
			remoteInfo = "Testable Swift";
		};
		4F7F96611B0E3CDA00F7A55F /* PBXContainerItemProxy */ = {
			isa = PBXContainerItemProxy;
			containerPortal = 4F7F95731B0E3CDA00F7A55F /* Testable Swift.xcodeproj */;
			proxyType = 2;
			remoteGlobalIDString = A88CD9941A019AFF0064F706;
			remoteInfo = "Testable SwiftTests";
		};
		4F7F96651B0E3CDA00F7A55F /* PBXContainerItemProxy */ = {
			isa = PBXContainerItemProxy;
			containerPortal = 4F7F95651B0E3CDA00F7A55F /* Testable.xcodeproj */;
			proxyType = 2;
			remoteGlobalIDString = AAB073A8139861C0008AF393;
			remoteInfo = Testable;
		};
		4F7F96671B0E3CDA00F7A55F /* PBXContainerItemProxy */ = {
			isa = PBXContainerItemProxy;
			containerPortal = 4F7F95651B0E3CDA00F7A55F /* Testable.xcodeproj */;
			proxyType = 2;
			remoteGlobalIDString = EB9DB7321781DBD40087B6FD;
			remoteInfo = "Acceptance Tests";
		};
		4F7F966A1B0E3D0500F7A55F /* PBXContainerItemProxy */ = {
			isa = PBXContainerItemProxy;
			containerPortal = 4F7F95AD1B0E3CDA00F7A55F /* KIF.xcodeproj */;
			proxyType = 1;
			remoteGlobalIDString = EABD46791857A0C700A5F081;
			remoteInfo = KIF;
		};
/* End PBXContainerItemProxy section */

/* Begin PBXFileReference section */
		4F7F94D01B0E3C4D00F7A55F /* TestAutomation.app */ = {isa = PBXFileReference; explicitFileType = wrapper.application; includeInIndex = 0; path = TestAutomation.app; sourceTree = BUILT_PRODUCTS_DIR; };
		4F7F94D41B0E3C4D00F7A55F /* Info.plist */ = {isa = PBXFileReference; lastKnownFileType = text.plist.xml; path = Info.plist; sourceTree = "<group>"; };
		4F7F94D51B0E3C4D00F7A55F /* AppDelegate.swift */ = {isa = PBXFileReference; lastKnownFileType = sourcecode.swift; path = AppDelegate.swift; sourceTree = "<group>"; };
		4F7F94D71B0E3C4D00F7A55F /* ViewController.swift */ = {isa = PBXFileReference; lastKnownFileType = sourcecode.swift; path = ViewController.swift; sourceTree = "<group>"; };
		4F7F94DA1B0E3C4D00F7A55F /* Base */ = {isa = PBXFileReference; lastKnownFileType = file.storyboard; name = Base; path = Base.lproj/Main.storyboard; sourceTree = "<group>"; };
		4F7F94DC1B0E3C4D00F7A55F /* Images.xcassets */ = {isa = PBXFileReference; lastKnownFileType = folder.assetcatalog; path = Images.xcassets; sourceTree = "<group>"; };
		4F7F94DF1B0E3C4D00F7A55F /* Base */ = {isa = PBXFileReference; lastKnownFileType = file.xib; name = Base; path = Base.lproj/LaunchScreen.xib; sourceTree = "<group>"; };
		4F7F94E51B0E3C4D00F7A55F /* TestAutomationTests.xctest */ = {isa = PBXFileReference; explicitFileType = wrapper.cfbundle; includeInIndex = 0; path = TestAutomationTests.xctest; sourceTree = BUILT_PRODUCTS_DIR; };
		4F7F94EA1B0E3C4D00F7A55F /* Info.plist */ = {isa = PBXFileReference; lastKnownFileType = text.plist.xml; path = Info.plist; sourceTree = "<group>"; };
		4F7F94EB1B0E3C4D00F7A55F /* TestAutomationTests.swift */ = {isa = PBXFileReference; lastKnownFileType = sourcecode.swift; path = TestAutomationTests.swift; sourceTree = "<group>"; };
		4F7F94F71B0E3CDA00F7A55F /* CGGeometry-KIFAdditions.h */ = {isa = PBXFileReference; fileEncoding = 4; lastKnownFileType = sourcecode.c.h; path = "CGGeometry-KIFAdditions.h"; sourceTree = "<group>"; };
		4F7F94F81B0E3CDA00F7A55F /* CGGeometry-KIFAdditions.m */ = {isa = PBXFileReference; fileEncoding = 4; lastKnownFileType = sourcecode.c.objc; path = "CGGeometry-KIFAdditions.m"; sourceTree = "<group>"; };
		4F7F94F91B0E3CDA00F7A55F /* LoadableCategory.h */ = {isa = PBXFileReference; fileEncoding = 4; lastKnownFileType = sourcecode.c.h; path = LoadableCategory.h; sourceTree = "<group>"; };
		4F7F94FA1B0E3CDA00F7A55F /* NSBundle-KIFAdditions.h */ = {isa = PBXFileReference; fileEncoding = 4; lastKnownFileType = sourcecode.c.h; path = "NSBundle-KIFAdditions.h"; sourceTree = "<group>"; };
		4F7F94FB1B0E3CDA00F7A55F /* NSBundle-KIFAdditions.m */ = {isa = PBXFileReference; fileEncoding = 4; lastKnownFileType = sourcecode.c.objc; path = "NSBundle-KIFAdditions.m"; sourceTree = "<group>"; };
		4F7F94FC1B0E3CDA00F7A55F /* NSError-KIFAdditions.h */ = {isa = PBXFileReference; fileEncoding = 4; lastKnownFileType = sourcecode.c.h; path = "NSError-KIFAdditions.h"; sourceTree = "<group>"; };
		4F7F94FD1B0E3CDA00F7A55F /* NSError-KIFAdditions.m */ = {isa = PBXFileReference; fileEncoding = 4; lastKnownFileType = sourcecode.c.objc; path = "NSError-KIFAdditions.m"; sourceTree = "<group>"; };
		4F7F94FE1B0E3CDA00F7A55F /* NSException-KIFAdditions.h */ = {isa = PBXFileReference; fileEncoding = 4; lastKnownFileType = sourcecode.c.h; path = "NSException-KIFAdditions.h"; sourceTree = "<group>"; };
		4F7F94FF1B0E3CDA00F7A55F /* NSException-KIFAdditions.m */ = {isa = PBXFileReference; fileEncoding = 4; lastKnownFileType = sourcecode.c.objc; path = "NSException-KIFAdditions.m"; sourceTree = "<group>"; };
		4F7F95001B0E3CDA00F7A55F /* NSFileManager-KIFAdditions.h */ = {isa = PBXFileReference; fileEncoding = 4; lastKnownFileType = sourcecode.c.h; path = "NSFileManager-KIFAdditions.h"; sourceTree = "<group>"; };
		4F7F95011B0E3CDA00F7A55F /* NSFileManager-KIFAdditions.m */ = {isa = PBXFileReference; fileEncoding = 4; lastKnownFileType = sourcecode.c.objc; path = "NSFileManager-KIFAdditions.m"; sourceTree = "<group>"; };
		4F7F95021B0E3CDA00F7A55F /* SenTestCase-KIFAdditions.h */ = {isa = PBXFileReference; fileEncoding = 4; lastKnownFileType = sourcecode.c.h; path = "SenTestCase-KIFAdditions.h"; sourceTree = "<group>"; };
		4F7F95031B0E3CDA00F7A55F /* SenTestCase-KIFAdditions.m */ = {isa = PBXFileReference; fileEncoding = 4; lastKnownFileType = sourcecode.c.objc; path = "SenTestCase-KIFAdditions.m"; sourceTree = "<group>"; };
		4F7F95041B0E3CDA00F7A55F /* UIAccessibilityElement-KIFAdditions.h */ = {isa = PBXFileReference; fileEncoding = 4; lastKnownFileType = sourcecode.c.h; path = "UIAccessibilityElement-KIFAdditions.h"; sourceTree = "<group>"; };
		4F7F95051B0E3CDA00F7A55F /* UIAccessibilityElement-KIFAdditions.m */ = {isa = PBXFileReference; fileEncoding = 4; lastKnownFileType = sourcecode.c.objc; path = "UIAccessibilityElement-KIFAdditions.m"; sourceTree = "<group>"; };
		4F7F95061B0E3CDA00F7A55F /* UIApplication-KIFAdditions.h */ = {isa = PBXFileReference; fileEncoding = 4; lastKnownFileType = sourcecode.c.h; path = "UIApplication-KIFAdditions.h"; sourceTree = "<group>"; };
		4F7F95071B0E3CDA00F7A55F /* UIApplication-KIFAdditions.m */ = {isa = PBXFileReference; fileEncoding = 4; lastKnownFileType = sourcecode.c.objc; path = "UIApplication-KIFAdditions.m"; sourceTree = "<group>"; };
		4F7F95081B0E3CDA00F7A55F /* UIEvent+KIFAdditions.h */ = {isa = PBXFileReference; fileEncoding = 4; lastKnownFileType = sourcecode.c.h; path = "UIEvent+KIFAdditions.h"; sourceTree = "<group>"; };
		4F7F95091B0E3CDA00F7A55F /* UIEvent+KIFAdditions.m */ = {isa = PBXFileReference; fileEncoding = 4; lastKnownFileType = sourcecode.c.objc; path = "UIEvent+KIFAdditions.m"; sourceTree = "<group>"; };
		4F7F950A1B0E3CDA00F7A55F /* UIScrollView-KIFAdditions.h */ = {isa = PBXFileReference; fileEncoding = 4; lastKnownFileType = sourcecode.c.h; path = "UIScrollView-KIFAdditions.h"; sourceTree = "<group>"; };
		4F7F950B1B0E3CDA00F7A55F /* UIScrollView-KIFAdditions.m */ = {isa = PBXFileReference; fileEncoding = 4; lastKnownFileType = sourcecode.c.objc; path = "UIScrollView-KIFAdditions.m"; sourceTree = "<group>"; };
		4F7F950C1B0E3CDA00F7A55F /* UITableView-KIFAdditions.h */ = {isa = PBXFileReference; fileEncoding = 4; lastKnownFileType = sourcecode.c.h; path = "UITableView-KIFAdditions.h"; sourceTree = "<group>"; };
		4F7F950D1B0E3CDA00F7A55F /* UITableView-KIFAdditions.m */ = {isa = PBXFileReference; fileEncoding = 4; lastKnownFileType = sourcecode.c.objc; path = "UITableView-KIFAdditions.m"; sourceTree = "<group>"; };
		4F7F950E1B0E3CDA00F7A55F /* UITouch-KIFAdditions.h */ = {isa = PBXFileReference; fileEncoding = 4; lastKnownFileType = sourcecode.c.h; path = "UITouch-KIFAdditions.h"; sourceTree = "<group>"; };
		4F7F950F1B0E3CDA00F7A55F /* UITouch-KIFAdditions.m */ = {isa = PBXFileReference; fileEncoding = 4; lastKnownFileType = sourcecode.c.objc; path = "UITouch-KIFAdditions.m"; sourceTree = "<group>"; };
		4F7F95101B0E3CDA00F7A55F /* UIView-KIFAdditions.h */ = {isa = PBXFileReference; fileEncoding = 4; lastKnownFileType = sourcecode.c.h; path = "UIView-KIFAdditions.h"; sourceTree = "<group>"; };
		4F7F95111B0E3CDA00F7A55F /* UIView-KIFAdditions.m */ = {isa = PBXFileReference; fileEncoding = 4; lastKnownFileType = sourcecode.c.objc; path = "UIView-KIFAdditions.m"; sourceTree = "<group>"; };
		4F7F95121B0E3CDA00F7A55F /* UIWindow-KIFAdditions.h */ = {isa = PBXFileReference; fileEncoding = 4; lastKnownFileType = sourcecode.c.h; path = "UIWindow-KIFAdditions.h"; sourceTree = "<group>"; };
		4F7F95131B0E3CDA00F7A55F /* UIWindow-KIFAdditions.m */ = {isa = PBXFileReference; fileEncoding = 4; lastKnownFileType = sourcecode.c.objc; path = "UIWindow-KIFAdditions.m"; sourceTree = "<group>"; };
		4F7F95141B0E3CDA00F7A55F /* XCTestCase-KIFAdditions.h */ = {isa = PBXFileReference; fileEncoding = 4; lastKnownFileType = sourcecode.c.h; path = "XCTestCase-KIFAdditions.h"; sourceTree = "<group>"; };
		4F7F95151B0E3CDA00F7A55F /* XCTestCase-KIFAdditions.m */ = {isa = PBXFileReference; fileEncoding = 4; lastKnownFileType = sourcecode.c.objc; path = "XCTestCase-KIFAdditions.m"; sourceTree = "<group>"; };
		4F7F95171B0E3CDA00F7A55F /* KIF-Prefix.pch */ = {isa = PBXFileReference; fileEncoding = 4; lastKnownFileType = sourcecode.c.h; path = "KIF-Prefix.pch"; sourceTree = "<group>"; };
		4F7F95181B0E3CDA00F7A55F /* KIF-XCTestPrefix.pch */ = {isa = PBXFileReference; fileEncoding = 4; lastKnownFileType = sourcecode.c.h; path = "KIF-XCTestPrefix.pch"; sourceTree = "<group>"; };
		4F7F95191B0E3CDA00F7A55F /* KIF.h */ = {isa = PBXFileReference; fileEncoding = 4; lastKnownFileType = sourcecode.c.h; path = KIF.h; sourceTree = "<group>"; };
		4F7F951A1B0E3CDA00F7A55F /* KIFSystemTestActor.h */ = {isa = PBXFileReference; fileEncoding = 4; lastKnownFileType = sourcecode.c.h; path = KIFSystemTestActor.h; sourceTree = "<group>"; };
		4F7F951B1B0E3CDA00F7A55F /* KIFSystemTestActor.m */ = {isa = PBXFileReference; fileEncoding = 4; lastKnownFileType = sourcecode.c.objc; path = KIFSystemTestActor.m; sourceTree = "<group>"; };
		4F7F951C1B0E3CDA00F7A55F /* KIFTestActor.h */ = {isa = PBXFileReference; fileEncoding = 4; lastKnownFileType = sourcecode.c.h; path = KIFTestActor.h; sourceTree = "<group>"; };
		4F7F951D1B0E3CDA00F7A55F /* KIFTestActor.m */ = {isa = PBXFileReference; fileEncoding = 4; lastKnownFileType = sourcecode.c.objc; path = KIFTestActor.m; sourceTree = "<group>"; };
		4F7F951E1B0E3CDA00F7A55F /* KIFTestCase.h */ = {isa = PBXFileReference; fileEncoding = 4; lastKnownFileType = sourcecode.c.h; path = KIFTestCase.h; sourceTree = "<group>"; };
		4F7F951F1B0E3CDA00F7A55F /* KIFTestCase.m */ = {isa = PBXFileReference; fileEncoding = 4; lastKnownFileType = sourcecode.c.objc; path = KIFTestCase.m; sourceTree = "<group>"; };
		4F7F95201B0E3CDA00F7A55F /* KIFTestStepValidation.h */ = {isa = PBXFileReference; fileEncoding = 4; lastKnownFileType = sourcecode.c.h; path = KIFTestStepValidation.h; sourceTree = "<group>"; };
		4F7F95211B0E3CDA00F7A55F /* KIFTestStepValidation.m */ = {isa = PBXFileReference; fileEncoding = 4; lastKnownFileType = sourcecode.c.objc; path = KIFTestStepValidation.m; sourceTree = "<group>"; };
		4F7F95221B0E3CDA00F7A55F /* KIFTypist.h */ = {isa = PBXFileReference; fileEncoding = 4; lastKnownFileType = sourcecode.c.h; path = KIFTypist.h; sourceTree = "<group>"; };
		4F7F95231B0E3CDA00F7A55F /* KIFTypist.m */ = {isa = PBXFileReference; fileEncoding = 4; lastKnownFileType = sourcecode.c.objc; path = KIFTypist.m; sourceTree = "<group>"; };
		4F7F95241B0E3CDA00F7A55F /* KIFUITestActor-ConditionalTests.h */ = {isa = PBXFileReference; fileEncoding = 4; lastKnownFileType = sourcecode.c.h; path = "KIFUITestActor-ConditionalTests.h"; sourceTree = "<group>"; };
		4F7F95251B0E3CDA00F7A55F /* KIFUITestActor-ConditionalTests.m */ = {isa = PBXFileReference; fileEncoding = 4; lastKnownFileType = sourcecode.c.objc; path = "KIFUITestActor-ConditionalTests.m"; sourceTree = "<group>"; };
		4F7F95261B0E3CDA00F7A55F /* KIFUITestActor.h */ = {isa = PBXFileReference; fileEncoding = 4; lastKnownFileType = sourcecode.c.h; path = KIFUITestActor.h; sourceTree = "<group>"; };
		4F7F95271B0E3CDA00F7A55F /* KIFUITestActor.m */ = {isa = PBXFileReference; fileEncoding = 4; lastKnownFileType = sourcecode.c.objc; path = KIFUITestActor.m; sourceTree = "<group>"; };
		4F7F95281B0E3CDA00F7A55F /* UIAutomationHelper.h */ = {isa = PBXFileReference; fileEncoding = 4; lastKnownFileType = sourcecode.c.h; path = UIAutomationHelper.h; sourceTree = "<group>"; };
		4F7F95291B0E3CDA00F7A55F /* UIAutomationHelper.m */ = {isa = PBXFileReference; fileEncoding = 4; lastKnownFileType = sourcecode.c.objc; path = UIAutomationHelper.m; sourceTree = "<group>"; };
		4F7F952E1B0E3CDA00F7A55F /* Acceptance Tests-Info.plist */ = {isa = PBXFileReference; fileEncoding = 4; lastKnownFileType = text.plist.xml; path = "Acceptance Tests-Info.plist"; sourceTree = "<group>"; };
		4F7F952F1B0E3CDA00F7A55F /* Acceptance Tests-Prefix.pch */ = {isa = PBXFileReference; fileEncoding = 4; lastKnownFileType = sourcecode.c.h; path = "Acceptance Tests-Prefix.pch"; sourceTree = "<group>"; };
		4F7F95301B0E3CDA00F7A55F /* BasicCalculatorTests.m */ = {isa = PBXFileReference; fileEncoding = 4; lastKnownFileType = sourcecode.c.objc; path = BasicCalculatorTests.m; sourceTree = "<group>"; };
		4F7F95321B0E3CDA00F7A55F /* en */ = {isa = PBXFileReference; lastKnownFileType = text.plist.strings; name = en; path = en.lproj/InfoPlist.strings; sourceTree = "<group>"; };
		4F7F95331B0E3CDA00F7A55F /* Acceptance Tests copy-Info.plist */ = {isa = PBXFileReference; fileEncoding = 4; lastKnownFileType = text.plist.xml; path = "Acceptance Tests copy-Info.plist"; sourceTree = "<group>"; };
		4F7F95351B0E3CDA00F7A55F /* AboutViewController.h */ = {isa = PBXFileReference; fileEncoding = 4; lastKnownFileType = sourcecode.c.h; path = AboutViewController.h; sourceTree = "<group>"; };
		4F7F95361B0E3CDA00F7A55F /* AboutViewController.m */ = {isa = PBXFileReference; fileEncoding = 4; lastKnownFileType = sourcecode.c.objc; path = AboutViewController.m; sourceTree = "<group>"; };
		4F7F95371B0E3CDA00F7A55F /* AboutViewController.xib */ = {isa = PBXFileReference; fileEncoding = 4; lastKnownFileType = file.xib; path = AboutViewController.xib; sourceTree = "<group>"; };
		4F7F95381B0E3CDA00F7A55F /* AppDelegate.h */ = {isa = PBXFileReference; fileEncoding = 4; lastKnownFileType = sourcecode.c.h; path = AppDelegate.h; sourceTree = "<group>"; };
		4F7F95391B0E3CDA00F7A55F /* AppDelegate.m */ = {isa = PBXFileReference; fileEncoding = 4; lastKnownFileType = sourcecode.c.objc; path = AppDelegate.m; sourceTree = "<group>"; };
		4F7F953A1B0E3CDA00F7A55F /* BasicCalculatorViewController.h */ = {isa = PBXFileReference; fileEncoding = 4; lastKnownFileType = sourcecode.c.h; path = BasicCalculatorViewController.h; sourceTree = "<group>"; };
		4F7F953B1B0E3CDA00F7A55F /* BasicCalculatorViewController.m */ = {isa = PBXFileReference; fileEncoding = 4; lastKnownFileType = sourcecode.c.objc; path = BasicCalculatorViewController.m; sourceTree = "<group>"; };
		4F7F953C1B0E3CDA00F7A55F /* Calculator-Info.plist */ = {isa = PBXFileReference; fileEncoding = 4; lastKnownFileType = text.plist.xml; path = "Calculator-Info.plist"; sourceTree = "<group>"; };
		4F7F953D1B0E3CDA00F7A55F /* Calculator-Prefix.pch */ = {isa = PBXFileReference; fileEncoding = 4; lastKnownFileType = sourcecode.c.h; path = "Calculator-Prefix.pch"; sourceTree = "<group>"; };
		4F7F953E1B0E3CDA00F7A55F /* Default-568h@2x.png */ = {isa = PBXFileReference; lastKnownFileType = image.png; path = "Default-568h@2x.png"; sourceTree = "<group>"; };
		4F7F953F1B0E3CDA00F7A55F /* Default.png */ = {isa = PBXFileReference; lastKnownFileType = image.png; path = Default.png; sourceTree = "<group>"; };
		4F7F95401B0E3CDA00F7A55F /* Default@2x.png */ = {isa = PBXFileReference; lastKnownFileType = image.png; path = "Default@2x.png"; sourceTree = "<group>"; };
		4F7F95421B0E3CDA00F7A55F /* en */ = {isa = PBXFileReference; lastKnownFileType = file.xib; name = en; path = en.lproj/BasicCalculatorViewController.xib; sourceTree = "<group>"; };
		4F7F95441B0E3CDA00F7A55F /* en */ = {isa = PBXFileReference; lastKnownFileType = text.plist.strings; name = en; path = en.lproj/InfoPlist.strings; sourceTree = "<group>"; };
		4F7F95451B0E3CDA00F7A55F /* HomeViewController.h */ = {isa = PBXFileReference; fileEncoding = 4; lastKnownFileType = sourcecode.c.h; path = HomeViewController.h; sourceTree = "<group>"; };
		4F7F95461B0E3CDA00F7A55F /* HomeViewController.m */ = {isa = PBXFileReference; fileEncoding = 4; lastKnownFileType = sourcecode.c.objc; path = HomeViewController.m; sourceTree = "<group>"; };
		4F7F95471B0E3CDA00F7A55F /* HomeViewController.xib */ = {isa = PBXFileReference; fileEncoding = 4; lastKnownFileType = file.xib; path = HomeViewController.xib; sourceTree = "<group>"; };
		4F7F95481B0E3CDA00F7A55F /* main.m */ = {isa = PBXFileReference; fileEncoding = 4; lastKnownFileType = sourcecode.c.objc; path = main.m; sourceTree = "<group>"; };
		4F7F95491B0E3CDA00F7A55F /* Calculator.xcodeproj */ = {isa = PBXFileReference; lastKnownFileType = "wrapper.pb-project"; path = Calculator.xcodeproj; sourceTree = "<group>"; };
		4F7F954F1B0E3CDA00F7A55F /* Acceptance Tests-Info.plist */ = {isa = PBXFileReference; fileEncoding = 4; lastKnownFileType = text.plist.xml; path = "Acceptance Tests-Info.plist"; sourceTree = "<group>"; };
		4F7F95501B0E3CDA00F7A55F /* Acceptance Tests-Prefix.pch */ = {isa = PBXFileReference; fileEncoding = 4; lastKnownFileType = sourcecode.c.h; path = "Acceptance Tests-Prefix.pch"; sourceTree = "<group>"; };
		4F7F95521B0E3CDA00F7A55F /* en */ = {isa = PBXFileReference; lastKnownFileType = text.plist.strings; name = en; path = en.lproj/InfoPlist.strings; sourceTree = "<group>"; };
		4F7F95531B0E3CDA00F7A55F /* IntegrationTestCases.m */ = {isa = PBXFileReference; fileEncoding = 4; lastKnownFileType = sourcecode.c.objc; path = IntegrationTestCases.m; sourceTree = "<group>"; };
		4F7F95541B0E3CDA00F7A55F /* KIFUITestActor+EXAddition.h */ = {isa = PBXFileReference; fileEncoding = 4; lastKnownFileType = sourcecode.c.h; path = "KIFUITestActor+EXAddition.h"; sourceTree = "<group>"; };
		4F7F95551B0E3CDA00F7A55F /* KIFUITestActor+EXAddition.m */ = {isa = PBXFileReference; fileEncoding = 4; lastKnownFileType = sourcecode.c.objc; path = "KIFUITestActor+EXAddition.m"; sourceTree = "<group>"; };
		4F7F95561B0E3CDA00F7A55F /* Default-568h@2x.png */ = {isa = PBXFileReference; lastKnownFileType = image.png; path = "Default-568h@2x.png"; sourceTree = "<group>"; };
		4F7F95591B0E3CDA00F7A55F /* en */ = {isa = PBXFileReference; lastKnownFileType = text.plist.strings; name = en; path = en.lproj/InfoPlist.strings; sourceTree = "<group>"; };
		4F7F955B1B0E3CDA00F7A55F /* en */ = {isa = PBXFileReference; lastKnownFileType = file.xib; name = en; path = en.lproj/MainWindow.xib; sourceTree = "<group>"; };
		4F7F955D1B0E3CDA00F7A55F /* en */ = {isa = PBXFileReference; lastKnownFileType = file.xib; name = en; path = en.lproj/RootViewController.xib; sourceTree = "<group>"; };
		4F7F955E1B0E3CDA00F7A55F /* main.m */ = {isa = PBXFileReference; fileEncoding = 4; lastKnownFileType = sourcecode.c.objc; path = main.m; sourceTree = "<group>"; };
		4F7F955F1B0E3CDA00F7A55F /* RootViewController.h */ = {isa = PBXFileReference; fileEncoding = 4; lastKnownFileType = sourcecode.c.h; path = RootViewController.h; sourceTree = "<group>"; };
		4F7F95601B0E3CDA00F7A55F /* RootViewController.m */ = {isa = PBXFileReference; fileEncoding = 4; lastKnownFileType = sourcecode.c.objc; path = RootViewController.m; sourceTree = "<group>"; };
		4F7F95611B0E3CDA00F7A55F /* Testable-Info.plist */ = {isa = PBXFileReference; fileEncoding = 4; lastKnownFileType = text.plist.xml; path = "Testable-Info.plist"; sourceTree = "<group>"; };
		4F7F95621B0E3CDA00F7A55F /* Testable-Prefix.pch */ = {isa = PBXFileReference; fileEncoding = 4; lastKnownFileType = sourcecode.c.h; path = "Testable-Prefix.pch"; sourceTree = "<group>"; };
		4F7F95631B0E3CDA00F7A55F /* TestableAppDelegate.h */ = {isa = PBXFileReference; fileEncoding = 4; lastKnownFileType = sourcecode.c.h; path = TestableAppDelegate.h; sourceTree = "<group>"; };
		4F7F95641B0E3CDA00F7A55F /* TestableAppDelegate.m */ = {isa = PBXFileReference; fileEncoding = 4; lastKnownFileType = sourcecode.c.objc; path = TestableAppDelegate.m; sourceTree = "<group>"; };
		4F7F95651B0E3CDA00F7A55F /* Testable.xcodeproj */ = {isa = PBXFileReference; lastKnownFileType = "wrapper.pb-project"; path = Testable.xcodeproj; sourceTree = "<group>"; };
		4F7F95681B0E3CDA00F7A55F /* Testable.xcworkspace */ = {isa = PBXFileReference; lastKnownFileType = wrapper.workspace; path = Testable.xcworkspace; sourceTree = "<group>"; };
		4F7F956B1B0E3CDA00F7A55F /* AppDelegate.swift */ = {isa = PBXFileReference; fileEncoding = 4; lastKnownFileType = sourcecode.swift; path = AppDelegate.swift; sourceTree = "<group>"; };
		4F7F956D1B0E3CDA00F7A55F /* Base */ = {isa = PBXFileReference; lastKnownFileType = file.xib; name = Base; path = Base.lproj/LaunchScreen.xib; sourceTree = "<group>"; };
		4F7F956F1B0E3CDA00F7A55F /* Base */ = {isa = PBXFileReference; lastKnownFileType = file.storyboard; name = Base; path = Base.lproj/Main.storyboard; sourceTree = "<group>"; };
		4F7F95701B0E3CDA00F7A55F /* Images.xcassets */ = {isa = PBXFileReference; lastKnownFileType = folder.assetcatalog; path = Images.xcassets; sourceTree = "<group>"; };
		4F7F95711B0E3CDA00F7A55F /* Info.plist */ = {isa = PBXFileReference; fileEncoding = 4; lastKnownFileType = text.plist.xml; path = Info.plist; sourceTree = "<group>"; };
		4F7F95721B0E3CDA00F7A55F /* MasterViewController.swift */ = {isa = PBXFileReference; fileEncoding = 4; lastKnownFileType = sourcecode.swift; path = MasterViewController.swift; sourceTree = "<group>"; };
		4F7F95731B0E3CDA00F7A55F /* Testable Swift.xcodeproj */ = {isa = PBXFileReference; lastKnownFileType = "wrapper.pb-project"; path = "Testable Swift.xcodeproj"; sourceTree = "<group>"; };
		4F7F95781B0E3CDA00F7A55F /* Info.plist */ = {isa = PBXFileReference; fileEncoding = 4; lastKnownFileType = text.plist.xml; path = Info.plist; sourceTree = "<group>"; };
		4F7F95791B0E3CDA00F7A55F /* SimpleObjCTest.m */ = {isa = PBXFileReference; fileEncoding = 4; lastKnownFileType = sourcecode.c.objc; path = SimpleObjCTest.m; sourceTree = "<group>"; };
		4F7F957A1B0E3CDA00F7A55F /* SimpleSwiftTest.swift */ = {isa = PBXFileReference; fileEncoding = 4; lastKnownFileType = sourcecode.swift; path = SimpleSwiftTest.swift; sourceTree = "<group>"; };
		4F7F957B1B0E3CDA00F7A55F /* Testable SwiftTests-Bridging-Header.h */ = {isa = PBXFileReference; fileEncoding = 4; lastKnownFileType = sourcecode.c.h; path = "Testable SwiftTests-Bridging-Header.h"; sourceTree = "<group>"; };
		4F7F957C1B0E3CDA00F7A55F /* Testable_SwiftTests.swift */ = {isa = PBXFileReference; fileEncoding = 4; lastKnownFileType = sourcecode.swift; path = Testable_SwiftTests.swift; sourceTree = "<group>"; };
		4F7F957E1B0E3CDA00F7A55F /* Add Category Linker Flags.png */ = {isa = PBXFileReference; lastKnownFileType = image.png; path = "Add Category Linker Flags.png"; sourceTree = "<group>"; };
		4F7F957F1B0E3CDA00F7A55F /* Add Header Search Paths.png */ = {isa = PBXFileReference; lastKnownFileType = image.png; path = "Add Header Search Paths.png"; sourceTree = "<group>"; };
		4F7F95801B0E3CDA00F7A55F /* Add KIF Preprocessor Macro.png */ = {isa = PBXFileReference; lastKnownFileType = image.png; path = "Add KIF Preprocessor Macro.png"; sourceTree = "<group>"; };
		4F7F95811B0E3CDA00F7A55F /* Add Library Sheet.png */ = {isa = PBXFileReference; lastKnownFileType = image.png; path = "Add Library Sheet.png"; sourceTree = "<group>"; };
		4F7F95821B0E3CDA00F7A55F /* Add Library.png */ = {isa = PBXFileReference; lastKnownFileType = image.png; path = "Add Library.png"; sourceTree = "<group>"; };
		4F7F95831B0E3CDA00F7A55F /* Added KIF to Project.png */ = {isa = PBXFileReference; lastKnownFileType = image.png; path = "Added KIF to Project.png"; sourceTree = "<group>"; };
		4F7F95841B0E3CDA00F7A55F /* Create Workspace.png */ = {isa = PBXFileReference; lastKnownFileType = image.png; path = "Create Workspace.png"; sourceTree = "<group>"; };
		4F7F95851B0E3CDA00F7A55F /* Duplicate Target Confirmation.png */ = {isa = PBXFileReference; lastKnownFileType = image.png; path = "Duplicate Target Confirmation.png"; sourceTree = "<group>"; };
		4F7F95861B0E3CDA00F7A55F /* Duplicate Target.png */ = {isa = PBXFileReference; lastKnownFileType = image.png; path = "Duplicate Target.png"; sourceTree = "<group>"; };
		4F7F95871B0E3CDA00F7A55F /* Rename Product.png */ = {isa = PBXFileReference; lastKnownFileType = image.png; path = "Rename Product.png"; sourceTree = "<group>"; };
		4F7F95881B0E3CDA00F7A55F /* Rename Target.png */ = {isa = PBXFileReference; lastKnownFileType = image.png; path = "Rename Target.png"; sourceTree = "<group>"; };
		4F7F95891B0E3CDA00F7A55F /* Simple App.png */ = {isa = PBXFileReference; lastKnownFileType = image.png; path = "Simple App.png"; sourceTree = "<group>"; };
		4F7F958A1B0E3CDA00F7A55F /* Test Action Composition.md */ = {isa = PBXFileReference; fileEncoding = 4; lastKnownFileType = net.daringfireball.markdown; path = "Test Action Composition.md"; sourceTree = "<group>"; };
		4F7F958C1B0E3CDA00F7A55F /* KIFUITestActor-IdentifierTests.h */ = {isa = PBXFileReference; fileEncoding = 4; lastKnownFileType = sourcecode.c.h; path = "KIFUITestActor-IdentifierTests.h"; sourceTree = "<group>"; };
		4F7F958D1B0E3CDA00F7A55F /* KIFUITestActor-IdentifierTests.m */ = {isa = PBXFileReference; fileEncoding = 4; lastKnownFileType = sourcecode.c.objc; path = "KIFUITestActor-IdentifierTests.m"; sourceTree = "<group>"; };
		4F7F958F1B0E3CDA00F7A55F /* AccessibilityIdentifierTests.m */ = {isa = PBXFileReference; fileEncoding = 4; lastKnownFileType = sourcecode.c.objc; path = AccessibilityIdentifierTests.m; sourceTree = "<group>"; };
		4F7F95901B0E3CDA00F7A55F /* CascadingFailureTests.m */ = {isa = PBXFileReference; fileEncoding = 4; lastKnownFileType = sourcecode.c.objc; path = CascadingFailureTests.m; sourceTree = "<group>"; };
		4F7F95911B0E3CDA00F7A55F /* CollectionViewTests.m */ = {isa = PBXFileReference; fileEncoding = 4; lastKnownFileType = sourcecode.c.objc; path = CollectionViewTests.m; sourceTree = "<group>"; };
		4F7F95921B0E3CDA00F7A55F /* CompositionTests.m */ = {isa = PBXFileReference; fileEncoding = 4; lastKnownFileType = sourcecode.c.objc; path = CompositionTests.m; sourceTree = "<group>"; };
		4F7F95941B0E3CDA00F7A55F /* en */ = {isa = PBXFileReference; lastKnownFileType = text.plist.strings; name = en; path = en.lproj/InfoPlist.strings; sourceTree = "<group>"; };
		4F7F95951B0E3CDA00F7A55F /* ExistTests.m */ = {isa = PBXFileReference; fileEncoding = 4; lastKnownFileType = sourcecode.c.objc; path = ExistTests.m; sourceTree = "<group>"; };
		4F7F95961B0E3CDA00F7A55F /* GestureTests.m */ = {isa = PBXFileReference; fileEncoding = 4; lastKnownFileType = sourcecode.c.objc; path = GestureTests.m; sourceTree = "<group>"; };
		4F7F95971B0E3CDA00F7A55F /* KIF Tests-Info.plist */ = {isa = PBXFileReference; fileEncoding = 4; lastKnownFileType = text.plist.xml; path = "KIF Tests-Info.plist"; sourceTree = "<group>"; };
		4F7F95981B0E3CDA00F7A55F /* KIF Tests-Prefix.pch */ = {isa = PBXFileReference; fileEncoding = 4; lastKnownFileType = sourcecode.c.h; path = "KIF Tests-Prefix.pch"; sourceTree = "<group>"; };
		4F7F95991B0E3CDA00F7A55F /* KIF XCTests-Prefix.pch */ = {isa = PBXFileReference; fileEncoding = 4; lastKnownFileType = sourcecode.c.h; path = "KIF XCTests-Prefix.pch"; sourceTree = "<group>"; };
		4F7F959A1B0E3CDA00F7A55F /* LandscapeTests.m */ = {isa = PBXFileReference; fileEncoding = 4; lastKnownFileType = sourcecode.c.objc; path = LandscapeTests.m; sourceTree = "<group>"; };
		4F7F959B1B0E3CDA00F7A55F /* LongPressTests.m */ = {isa = PBXFileReference; fileEncoding = 4; lastKnownFileType = sourcecode.c.objc; path = LongPressTests.m; sourceTree = "<group>"; };
		4F7F959C1B0E3CDA00F7A55F /* ModalViewTests.m */ = {isa = PBXFileReference; fileEncoding = 4; lastKnownFileType = sourcecode.c.objc; path = ModalViewTests.m; sourceTree = "<group>"; };
		4F7F959D1B0E3CDA00F7A55F /* MultiFingerTests.m */ = {isa = PBXFileReference; fileEncoding = 4; lastKnownFileType = sourcecode.c.objc; path = MultiFingerTests.m; sourceTree = "<group>"; };
		4F7F959E1B0E3CDA00F7A55F /* PickerTests.m */ = {isa = PBXFileReference; fileEncoding = 4; lastKnownFileType = sourcecode.c.objc; path = PickerTests.m; sourceTree = "<group>"; };
		4F7F959F1B0E3CDA00F7A55F /* ScrollViewTests.m */ = {isa = PBXFileReference; fileEncoding = 4; lastKnownFileType = sourcecode.c.objc; path = ScrollViewTests.m; sourceTree = "<group>"; };
		4F7F95A01B0E3CDA00F7A55F /* SearchFieldTests.m */ = {isa = PBXFileReference; fileEncoding = 4; lastKnownFileType = sourcecode.c.objc; path = SearchFieldTests.m; sourceTree = "<group>"; };
		4F7F95A11B0E3CDA00F7A55F /* SpecificControlTests.m */ = {isa = PBXFileReference; fileEncoding = 4; lastKnownFileType = sourcecode.c.objc; path = SpecificControlTests.m; sourceTree = "<group>"; };
		4F7F95A21B0E3CDA00F7A55F /* SystemAlertTests.m */ = {isa = PBXFileReference; fileEncoding = 4; lastKnownFileType = sourcecode.c.objc; path = SystemAlertTests.m; sourceTree = "<group>"; };
		4F7F95A31B0E3CDA00F7A55F /* SystemTests.m */ = {isa = PBXFileReference; fileEncoding = 4; lastKnownFileType = sourcecode.c.objc; path = SystemTests.m; sourceTree = "<group>"; };
		4F7F95A41B0E3CDA00F7A55F /* TableViewTests.m */ = {isa = PBXFileReference; fileEncoding = 4; lastKnownFileType = sourcecode.c.objc; path = TableViewTests.m; sourceTree = "<group>"; };
		4F7F95A51B0E3CDA00F7A55F /* TappingTests.m */ = {isa = PBXFileReference; fileEncoding = 4; lastKnownFileType = sourcecode.c.objc; path = TappingTests.m; sourceTree = "<group>"; };
		4F7F95A61B0E3CDA00F7A55F /* TypingTests.m */ = {isa = PBXFileReference; fileEncoding = 4; lastKnownFileType = sourcecode.c.objc; path = TypingTests.m; sourceTree = "<group>"; };
		4F7F95A71B0E3CDA00F7A55F /* WaitForAbscenceTests.m */ = {isa = PBXFileReference; fileEncoding = 4; lastKnownFileType = sourcecode.c.objc; path = WaitForAbscenceTests.m; sourceTree = "<group>"; };
		4F7F95A81B0E3CDA00F7A55F /* WaitForAnimationTests.m */ = {isa = PBXFileReference; fileEncoding = 4; lastKnownFileType = sourcecode.c.objc; path = WaitForAnimationTests.m; sourceTree = "<group>"; };
		4F7F95A91B0E3CDA00F7A55F /* WaitForTappableViewTests.m */ = {isa = PBXFileReference; fileEncoding = 4; lastKnownFileType = sourcecode.c.objc; path = WaitForTappableViewTests.m; sourceTree = "<group>"; };
		4F7F95AA1B0E3CDA00F7A55F /* WaitForViewTests.m */ = {isa = PBXFileReference; fileEncoding = 4; lastKnownFileType = sourcecode.c.objc; path = WaitForViewTests.m; sourceTree = "<group>"; };
		4F7F95AB1B0E3CDA00F7A55F /* WebViewTests.m */ = {isa = PBXFileReference; fileEncoding = 4; lastKnownFileType = sourcecode.c.objc; path = WebViewTests.m; sourceTree = "<group>"; };
		4F7F95AC1B0E3CDA00F7A55F /* KIF.podspec */ = {isa = PBXFileReference; fileEncoding = 4; lastKnownFileType = text; path = KIF.podspec; sourceTree = "<group>"; };
		4F7F95AD1B0E3CDA00F7A55F /* KIF.xcodeproj */ = {isa = PBXFileReference; lastKnownFileType = "wrapper.pb-project"; path = KIF.xcodeproj; sourceTree = "<group>"; };
		4F7F95B11B0E3CDA00F7A55F /* Info.plist */ = {isa = PBXFileReference; fileEncoding = 4; lastKnownFileType = text.plist.xml; path = Info.plist; sourceTree = "<group>"; };
		4F7F95B21B0E3CDA00F7A55F /* KIFFramework.h */ = {isa = PBXFileReference; fileEncoding = 4; lastKnownFileType = sourcecode.c.h; path = KIFFramework.h; sourceTree = "<group>"; };
		4F7F95B31B0E3CDA00F7A55F /* LICENSE */ = {isa = PBXFileReference; fileEncoding = 4; lastKnownFileType = text; path = LICENSE; sourceTree = "<group>"; };
		4F7F95B41B0E3CDA00F7A55F /* README.md */ = {isa = PBXFileReference; fileEncoding = 4; lastKnownFileType = net.daringfireball.markdown; path = README.md; sourceTree = "<group>"; };
		4F7F95B61B0E3CDA00F7A55F /* AnimationViewController.m */ = {isa = PBXFileReference; fileEncoding = 4; lastKnownFileType = sourcecode.c.objc; path = AnimationViewController.m; sourceTree = "<group>"; };
		4F7F95B71B0E3CDA00F7A55F /* AppDelegate.m */ = {isa = PBXFileReference; fileEncoding = 4; lastKnownFileType = sourcecode.c.objc; path = AppDelegate.m; sourceTree = "<group>"; };
		4F7F95B81B0E3CDA00F7A55F /* CollectionViewController.m */ = {isa = PBXFileReference; fileEncoding = 4; lastKnownFileType = sourcecode.c.objc; path = CollectionViewController.m; sourceTree = "<group>"; };
		4F7F95B91B0E3CDA00F7A55F /* Default-568h@2x.png */ = {isa = PBXFileReference; lastKnownFileType = image.png; path = "Default-568h@2x.png"; sourceTree = "<group>"; };
		4F7F95BA1B0E3CDA00F7A55F /* Default.png */ = {isa = PBXFileReference; lastKnownFileType = image.png; path = Default.png; sourceTree = "<group>"; };
		4F7F95BB1B0E3CDA00F7A55F /* Default@2x.png */ = {isa = PBXFileReference; lastKnownFileType = image.png; path = "Default@2x.png"; sourceTree = "<group>"; };
		4F7F95BD1B0E3CDA00F7A55F /* en */ = {isa = PBXFileReference; lastKnownFileType = text.plist.strings; name = en; path = en.lproj/InfoPlist.strings; sourceTree = "<group>"; };
		4F7F95BF1B0E3CDA00F7A55F /* en */ = {isa = PBXFileReference; lastKnownFileType = file.storyboard; name = en; path = en.lproj/MainStoryboard.storyboard; sourceTree = "<group>"; };
		4F7F95C01B0E3CDA00F7A55F /* GestureViewController.m */ = {isa = PBXFileReference; fileEncoding = 4; lastKnownFileType = sourcecode.c.objc; path = GestureViewController.m; sourceTree = "<group>"; };
		4F7F95C11B0E3CDA00F7A55F /* index.html */ = {isa = PBXFileReference; fileEncoding = 4; lastKnownFileType = text.html; path = index.html; sourceTree = "<group>"; };
		4F7F95C21B0E3CDA00F7A55F /* main.m */ = {isa = PBXFileReference; fileEncoding = 4; lastKnownFileType = sourcecode.c.objc; path = main.m; sourceTree = "<group>"; };
		4F7F95C31B0E3CDA00F7A55F /* page2.html */ = {isa = PBXFileReference; fileEncoding = 4; lastKnownFileType = text.html; path = page2.html; sourceTree = "<group>"; };
		4F7F95C41B0E3CDA00F7A55F /* PickerController.m */ = {isa = PBXFileReference; fileEncoding = 4; lastKnownFileType = sourcecode.c.objc; path = PickerController.m; sourceTree = "<group>"; };
		4F7F95C51B0E3CDA00F7A55F /* ScrollViewController.m */ = {isa = PBXFileReference; fileEncoding = 4; lastKnownFileType = sourcecode.c.objc; path = ScrollViewController.m; sourceTree = "<group>"; };
		4F7F95C61B0E3CDA00F7A55F /* ShowHideViewController.m */ = {isa = PBXFileReference; fileEncoding = 4; lastKnownFileType = sourcecode.c.objc; path = ShowHideViewController.m; sourceTree = "<group>"; };
		4F7F95C71B0E3CDA00F7A55F /* SystemAlertViewController.m */ = {isa = PBXFileReference; fileEncoding = 4; lastKnownFileType = sourcecode.c.objc; path = SystemAlertViewController.m; sourceTree = "<group>"; };
		4F7F95C81B0E3CDA00F7A55F /* TableViewController.m */ = {isa = PBXFileReference; fileEncoding = 4; lastKnownFileType = sourcecode.c.objc; path = TableViewController.m; sourceTree = "<group>"; };
		4F7F95C91B0E3CDA00F7A55F /* TapViewController.m */ = {isa = PBXFileReference; fileEncoding = 4; lastKnownFileType = sourcecode.c.objc; path = TapViewController.m; sourceTree = "<group>"; };
		4F7F95CA1B0E3CDA00F7A55F /* Test Host-Info.plist */ = {isa = PBXFileReference; fileEncoding = 4; lastKnownFileType = text.plist.xml; path = "Test Host-Info.plist"; sourceTree = "<group>"; };
		4F7F95CB1B0E3CDA00F7A55F /* Test Host-Prefix.pch */ = {isa = PBXFileReference; fileEncoding = 4; lastKnownFileType = sourcecode.c.h; path = "Test Host-Prefix.pch"; sourceTree = "<group>"; };
		4F7F95CC1B0E3CDA00F7A55F /* TestSuiteViewController.m */ = {isa = PBXFileReference; fileEncoding = 4; lastKnownFileType = sourcecode.c.objc; path = TestSuiteViewController.m; sourceTree = "<group>"; };
		4F7F95CD1B0E3CDA00F7A55F /* WebViewController.m */ = {isa = PBXFileReference; fileEncoding = 4; lastKnownFileType = sourcecode.c.objc; path = WebViewController.m; sourceTree = "<group>"; };
		4F7F966C1B0E3D9A00F7A55F /* IOKit.framework */ = {isa = PBXFileReference; lastKnownFileType = wrapper.framework; name = IOKit.framework; path = Platforms/iPhoneOS.platform/Developer/SDKs/iPhoneOS.sdk/System/Library/Frameworks/IOKit.framework; sourceTree = DEVELOPER_DIR; };
		4F7F966E1B0E3E1C00F7A55F /* KifExtension.swift */ = {isa = PBXFileReference; fileEncoding = 4; lastKnownFileType = sourcecode.swift; path = KifExtension.swift; sourceTree = "<group>"; };
		4F7F96701B0E3E5100F7A55F /* SampleTest.swift */ = {isa = PBXFileReference; fileEncoding = 4; lastKnownFileType = sourcecode.swift; path = SampleTest.swift; sourceTree = "<group>"; };
		4F7F96751B0E40B500F7A55F /* TestAutomationTests-Bridging-Header.h */ = {isa = PBXFileReference; lastKnownFileType = sourcecode.c.h; path = "TestAutomationTests-Bridging-Header.h"; sourceTree = "<group>"; };
/* End PBXFileReference section */

/* Begin PBXFrameworksBuildPhase section */
		4F7F94CD1B0E3C4D00F7A55F /* Frameworks */ = {
			isa = PBXFrameworksBuildPhase;
			buildActionMask = 2147483647;
			files = (
			);
			runOnlyForDeploymentPostprocessing = 0;
		};
		4F7F94E21B0E3C4D00F7A55F /* Frameworks */ = {
			isa = PBXFrameworksBuildPhase;
			buildActionMask = 2147483647;
			files = (
				4F7F96691B0E3CF400F7A55F /* libKIF.a in Frameworks */,
				4F7F966D1B0E3D9A00F7A55F /* IOKit.framework in Frameworks */,
			);
			runOnlyForDeploymentPostprocessing = 0;
		};
/* End PBXFrameworksBuildPhase section */

/* Begin PBXGroup section */
		4F7F94C71B0E3C4D00F7A55F = {
			isa = PBXGroup;
			children = (
				4F7F966C1B0E3D9A00F7A55F /* IOKit.framework */,
				4F7F94D21B0E3C4D00F7A55F /* TestAutomation */,
				4F7F94E81B0E3C4D00F7A55F /* TestAutomationTests */,
				4F7F94D11B0E3C4D00F7A55F /* Products */,
			);
			sourceTree = "<group>";
		};
		4F7F94D11B0E3C4D00F7A55F /* Products */ = {
			isa = PBXGroup;
			children = (
				4F7F94D01B0E3C4D00F7A55F /* TestAutomation.app */,
				4F7F94E51B0E3C4D00F7A55F /* TestAutomationTests.xctest */,
			);
			name = Products;
			sourceTree = "<group>";
		};
		4F7F94D21B0E3C4D00F7A55F /* TestAutomation */ = {
			isa = PBXGroup;
			children = (
				4F7F94D51B0E3C4D00F7A55F /* AppDelegate.swift */,
				4F7F94D71B0E3C4D00F7A55F /* ViewController.swift */,
				4F7F94D91B0E3C4D00F7A55F /* Main.storyboard */,
				4F7F94DC1B0E3C4D00F7A55F /* Images.xcassets */,
				4F7F94DE1B0E3C4D00F7A55F /* LaunchScreen.xib */,
				4F7F94D31B0E3C4D00F7A55F /* Supporting Files */,
			);
			path = TestAutomation;
			sourceTree = "<group>";
		};
		4F7F94D31B0E3C4D00F7A55F /* Supporting Files */ = {
			isa = PBXGroup;
			children = (
				4F7F94D41B0E3C4D00F7A55F /* Info.plist */,
			);
			name = "Supporting Files";
			sourceTree = "<group>";
		};
		4F7F94E81B0E3C4D00F7A55F /* TestAutomationTests */ = {
			isa = PBXGroup;
			children = (
				4F7F94F51B0E3CDA00F7A55F /* KIF */,
				4F7F94EB1B0E3C4D00F7A55F /* TestAutomationTests.swift */,
				4F7F94E91B0E3C4D00F7A55F /* Supporting Files */,
				4F7F966E1B0E3E1C00F7A55F /* KifExtension.swift */,
				4F7F96701B0E3E5100F7A55F /* SampleTest.swift */,
				4F7F96751B0E40B500F7A55F /* TestAutomationTests-Bridging-Header.h */,
			);
			path = TestAutomationTests;
			sourceTree = "<group>";
		};
		4F7F94E91B0E3C4D00F7A55F /* Supporting Files */ = {
			isa = PBXGroup;
			children = (
				4F7F94EA1B0E3C4D00F7A55F /* Info.plist */,
			);
			name = "Supporting Files";
			sourceTree = "<group>";
		};
		4F7F94F51B0E3CDA00F7A55F /* KIF */ = {
			isa = PBXGroup;
			children = (
				4F7F94F61B0E3CDA00F7A55F /* Additions */,
				4F7F95161B0E3CDA00F7A55F /* Classes */,
				4F7F952A1B0E3CDA00F7A55F /* Documentation */,
				4F7F958B1B0E3CDA00F7A55F /* IdentifierTests */,
				4F7F958E1B0E3CDA00F7A55F /* KIF Tests */,
				4F7F95AC1B0E3CDA00F7A55F /* KIF.podspec */,
				4F7F95AD1B0E3CDA00F7A55F /* KIF.xcodeproj */,
				4F7F95B01B0E3CDA00F7A55F /* KIFFramework */,
				4F7F95B31B0E3CDA00F7A55F /* LICENSE */,
				4F7F95B41B0E3CDA00F7A55F /* README.md */,
				4F7F95B51B0E3CDA00F7A55F /* Test Host */,
			);
			path = KIF;
			sourceTree = "<group>";
		};
		4F7F94F61B0E3CDA00F7A55F /* Additions */ = {
			isa = PBXGroup;
			children = (
				4F7F94F71B0E3CDA00F7A55F /* CGGeometry-KIFAdditions.h */,
				4F7F94F81B0E3CDA00F7A55F /* CGGeometry-KIFAdditions.m */,
				4F7F94F91B0E3CDA00F7A55F /* LoadableCategory.h */,
				4F7F94FA1B0E3CDA00F7A55F /* NSBundle-KIFAdditions.h */,
				4F7F94FB1B0E3CDA00F7A55F /* NSBundle-KIFAdditions.m */,
				4F7F94FC1B0E3CDA00F7A55F /* NSError-KIFAdditions.h */,
				4F7F94FD1B0E3CDA00F7A55F /* NSError-KIFAdditions.m */,
				4F7F94FE1B0E3CDA00F7A55F /* NSException-KIFAdditions.h */,
				4F7F94FF1B0E3CDA00F7A55F /* NSException-KIFAdditions.m */,
				4F7F95001B0E3CDA00F7A55F /* NSFileManager-KIFAdditions.h */,
				4F7F95011B0E3CDA00F7A55F /* NSFileManager-KIFAdditions.m */,
				4F7F95021B0E3CDA00F7A55F /* SenTestCase-KIFAdditions.h */,
				4F7F95031B0E3CDA00F7A55F /* SenTestCase-KIFAdditions.m */,
				4F7F95041B0E3CDA00F7A55F /* UIAccessibilityElement-KIFAdditions.h */,
				4F7F95051B0E3CDA00F7A55F /* UIAccessibilityElement-KIFAdditions.m */,
				4F7F95061B0E3CDA00F7A55F /* UIApplication-KIFAdditions.h */,
				4F7F95071B0E3CDA00F7A55F /* UIApplication-KIFAdditions.m */,
				4F7F95081B0E3CDA00F7A55F /* UIEvent+KIFAdditions.h */,
				4F7F95091B0E3CDA00F7A55F /* UIEvent+KIFAdditions.m */,
				4F7F950A1B0E3CDA00F7A55F /* UIScrollView-KIFAdditions.h */,
				4F7F950B1B0E3CDA00F7A55F /* UIScrollView-KIFAdditions.m */,
				4F7F950C1B0E3CDA00F7A55F /* UITableView-KIFAdditions.h */,
				4F7F950D1B0E3CDA00F7A55F /* UITableView-KIFAdditions.m */,
				4F7F950E1B0E3CDA00F7A55F /* UITouch-KIFAdditions.h */,
				4F7F950F1B0E3CDA00F7A55F /* UITouch-KIFAdditions.m */,
				4F7F95101B0E3CDA00F7A55F /* UIView-KIFAdditions.h */,
				4F7F95111B0E3CDA00F7A55F /* UIView-KIFAdditions.m */,
				4F7F95121B0E3CDA00F7A55F /* UIWindow-KIFAdditions.h */,
				4F7F95131B0E3CDA00F7A55F /* UIWindow-KIFAdditions.m */,
				4F7F95141B0E3CDA00F7A55F /* XCTestCase-KIFAdditions.h */,
				4F7F95151B0E3CDA00F7A55F /* XCTestCase-KIFAdditions.m */,
			);
			path = Additions;
			sourceTree = "<group>";
		};
		4F7F95161B0E3CDA00F7A55F /* Classes */ = {
			isa = PBXGroup;
			children = (
				4F7F95171B0E3CDA00F7A55F /* KIF-Prefix.pch */,
				4F7F95181B0E3CDA00F7A55F /* KIF-XCTestPrefix.pch */,
				4F7F95191B0E3CDA00F7A55F /* KIF.h */,
				4F7F951A1B0E3CDA00F7A55F /* KIFSystemTestActor.h */,
				4F7F951B1B0E3CDA00F7A55F /* KIFSystemTestActor.m */,
				4F7F951C1B0E3CDA00F7A55F /* KIFTestActor.h */,
				4F7F951D1B0E3CDA00F7A55F /* KIFTestActor.m */,
				4F7F951E1B0E3CDA00F7A55F /* KIFTestCase.h */,
				4F7F951F1B0E3CDA00F7A55F /* KIFTestCase.m */,
				4F7F95201B0E3CDA00F7A55F /* KIFTestStepValidation.h */,
				4F7F95211B0E3CDA00F7A55F /* KIFTestStepValidation.m */,
				4F7F95221B0E3CDA00F7A55F /* KIFTypist.h */,
				4F7F95231B0E3CDA00F7A55F /* KIFTypist.m */,
				4F7F95241B0E3CDA00F7A55F /* KIFUITestActor-ConditionalTests.h */,
				4F7F95251B0E3CDA00F7A55F /* KIFUITestActor-ConditionalTests.m */,
				4F7F95261B0E3CDA00F7A55F /* KIFUITestActor.h */,
				4F7F95271B0E3CDA00F7A55F /* KIFUITestActor.m */,
				4F7F95281B0E3CDA00F7A55F /* UIAutomationHelper.h */,
				4F7F95291B0E3CDA00F7A55F /* UIAutomationHelper.m */,
			);
			path = Classes;
			sourceTree = "<group>";
		};
		4F7F952A1B0E3CDA00F7A55F /* Documentation */ = {
			isa = PBXGroup;
			children = (
				4F7F952B1B0E3CDA00F7A55F /* Examples */,
				4F7F957D1B0E3CDA00F7A55F /* Images */,
				4F7F958A1B0E3CDA00F7A55F /* Test Action Composition.md */,
			);
			path = Documentation;
			sourceTree = "<group>";
		};
		4F7F952B1B0E3CDA00F7A55F /* Examples */ = {
			isa = PBXGroup;
			children = (
				4F7F952C1B0E3CDA00F7A55F /* Calculator */,
				4F7F954D1B0E3CDA00F7A55F /* Testable */,
				4F7F95691B0E3CDA00F7A55F /* Testable Swift */,
			);
			path = Examples;
			sourceTree = "<group>";
		};
		4F7F952C1B0E3CDA00F7A55F /* Calculator */ = {
			isa = PBXGroup;
			children = (
				4F7F952D1B0E3CDA00F7A55F /* Acceptance Tests */,
				4F7F95331B0E3CDA00F7A55F /* Acceptance Tests copy-Info.plist */,
				4F7F95341B0E3CDA00F7A55F /* Calculator */,
				4F7F95491B0E3CDA00F7A55F /* Calculator.xcodeproj */,
			);
			path = Calculator;
			sourceTree = "<group>";
		};
		4F7F952D1B0E3CDA00F7A55F /* Acceptance Tests */ = {
			isa = PBXGroup;
			children = (
				4F7F952E1B0E3CDA00F7A55F /* Acceptance Tests-Info.plist */,
				4F7F952F1B0E3CDA00F7A55F /* Acceptance Tests-Prefix.pch */,
				4F7F95301B0E3CDA00F7A55F /* BasicCalculatorTests.m */,
				4F7F95311B0E3CDA00F7A55F /* InfoPlist.strings */,
			);
			path = "Acceptance Tests";
			sourceTree = "<group>";
		};
		4F7F95341B0E3CDA00F7A55F /* Calculator */ = {
			isa = PBXGroup;
			children = (
				4F7F95351B0E3CDA00F7A55F /* AboutViewController.h */,
				4F7F95361B0E3CDA00F7A55F /* AboutViewController.m */,
				4F7F95371B0E3CDA00F7A55F /* AboutViewController.xib */,
				4F7F95381B0E3CDA00F7A55F /* AppDelegate.h */,
				4F7F95391B0E3CDA00F7A55F /* AppDelegate.m */,
				4F7F953A1B0E3CDA00F7A55F /* BasicCalculatorViewController.h */,
				4F7F953B1B0E3CDA00F7A55F /* BasicCalculatorViewController.m */,
				4F7F953C1B0E3CDA00F7A55F /* Calculator-Info.plist */,
				4F7F953D1B0E3CDA00F7A55F /* Calculator-Prefix.pch */,
				4F7F953E1B0E3CDA00F7A55F /* Default-568h@2x.png */,
				4F7F953F1B0E3CDA00F7A55F /* Default.png */,
				4F7F95401B0E3CDA00F7A55F /* Default@2x.png */,
				4F7F95411B0E3CDA00F7A55F /* BasicCalculatorViewController.xib */,
				4F7F95431B0E3CDA00F7A55F /* InfoPlist.strings */,
				4F7F95451B0E3CDA00F7A55F /* HomeViewController.h */,
				4F7F95461B0E3CDA00F7A55F /* HomeViewController.m */,
				4F7F95471B0E3CDA00F7A55F /* HomeViewController.xib */,
				4F7F95481B0E3CDA00F7A55F /* main.m */,
			);
			path = Calculator;
			sourceTree = "<group>";
		};
		4F7F954A1B0E3CDA00F7A55F /* Products */ = {
			isa = PBXGroup;
			children = (
				4F7F96511B0E3CDA00F7A55F /* Calculator.app */,
				4F7F96531B0E3CDA00F7A55F /* Acceptance Tests.octest */,
			);
			name = Products;
			sourceTree = "<group>";
		};
		4F7F954D1B0E3CDA00F7A55F /* Testable */ = {
			isa = PBXGroup;
			children = (
				4F7F954E1B0E3CDA00F7A55F /* Acceptance Tests */,
				4F7F95561B0E3CDA00F7A55F /* Default-568h@2x.png */,
				4F7F95571B0E3CDA00F7A55F /* Testable */,
				4F7F95651B0E3CDA00F7A55F /* Testable.xcodeproj */,
				4F7F95681B0E3CDA00F7A55F /* Testable.xcworkspace */,
			);
			path = Testable;
			sourceTree = "<group>";
		};
		4F7F954E1B0E3CDA00F7A55F /* Acceptance Tests */ = {
			isa = PBXGroup;
			children = (
				4F7F954F1B0E3CDA00F7A55F /* Acceptance Tests-Info.plist */,
				4F7F95501B0E3CDA00F7A55F /* Acceptance Tests-Prefix.pch */,
				4F7F95511B0E3CDA00F7A55F /* InfoPlist.strings */,
				4F7F95531B0E3CDA00F7A55F /* IntegrationTestCases.m */,
				4F7F95541B0E3CDA00F7A55F /* KIFUITestActor+EXAddition.h */,
				4F7F95551B0E3CDA00F7A55F /* KIFUITestActor+EXAddition.m */,
			);
			path = "Acceptance Tests";
			sourceTree = "<group>";
		};
		4F7F95571B0E3CDA00F7A55F /* Testable */ = {
			isa = PBXGroup;
			children = (
				4F7F95581B0E3CDA00F7A55F /* InfoPlist.strings */,
				4F7F955A1B0E3CDA00F7A55F /* MainWindow.xib */,
				4F7F955C1B0E3CDA00F7A55F /* RootViewController.xib */,
				4F7F955E1B0E3CDA00F7A55F /* main.m */,
				4F7F955F1B0E3CDA00F7A55F /* RootViewController.h */,
				4F7F95601B0E3CDA00F7A55F /* RootViewController.m */,
				4F7F95611B0E3CDA00F7A55F /* Testable-Info.plist */,
				4F7F95621B0E3CDA00F7A55F /* Testable-Prefix.pch */,
				4F7F95631B0E3CDA00F7A55F /* TestableAppDelegate.h */,
				4F7F95641B0E3CDA00F7A55F /* TestableAppDelegate.m */,
			);
			path = Testable;
			sourceTree = "<group>";
		};
		4F7F95661B0E3CDA00F7A55F /* Products */ = {
			isa = PBXGroup;
			children = (
				4F7F96661B0E3CDA00F7A55F /* Testable.app */,
				4F7F96681B0E3CDA00F7A55F /* Acceptance Tests.octest */,
			);
			name = Products;
			sourceTree = "<group>";
		};
		4F7F95691B0E3CDA00F7A55F /* Testable Swift */ = {
			isa = PBXGroup;
			children = (
				4F7F956A1B0E3CDA00F7A55F /* Testable Swift */,
				4F7F95731B0E3CDA00F7A55F /* Testable Swift.xcodeproj */,
				4F7F95771B0E3CDA00F7A55F /* Testable SwiftTests */,
			);
			path = "Testable Swift";
			sourceTree = "<group>";
		};
		4F7F956A1B0E3CDA00F7A55F /* Testable Swift */ = {
			isa = PBXGroup;
			children = (
				4F7F956B1B0E3CDA00F7A55F /* AppDelegate.swift */,
				4F7F956C1B0E3CDA00F7A55F /* LaunchScreen.xib */,
				4F7F956E1B0E3CDA00F7A55F /* Main.storyboard */,
				4F7F95701B0E3CDA00F7A55F /* Images.xcassets */,
				4F7F95711B0E3CDA00F7A55F /* Info.plist */,
				4F7F95721B0E3CDA00F7A55F /* MasterViewController.swift */,
			);
			path = "Testable Swift";
			sourceTree = "<group>";
		};
		4F7F95741B0E3CDA00F7A55F /* Products */ = {
			isa = PBXGroup;
			children = (
				4F7F96601B0E3CDA00F7A55F /* Testable Swift.app */,
				4F7F96621B0E3CDA00F7A55F /* Testable SwiftTests.xctest */,
			);
			name = Products;
			sourceTree = "<group>";
		};
		4F7F95771B0E3CDA00F7A55F /* Testable SwiftTests */ = {
			isa = PBXGroup;
			children = (
				4F7F95781B0E3CDA00F7A55F /* Info.plist */,
				4F7F95791B0E3CDA00F7A55F /* SimpleObjCTest.m */,
				4F7F957A1B0E3CDA00F7A55F /* SimpleSwiftTest.swift */,
				4F7F957B1B0E3CDA00F7A55F /* Testable SwiftTests-Bridging-Header.h */,
				4F7F957C1B0E3CDA00F7A55F /* Testable_SwiftTests.swift */,
			);
			path = "Testable SwiftTests";
			sourceTree = "<group>";
		};
		4F7F957D1B0E3CDA00F7A55F /* Images */ = {
			isa = PBXGroup;
			children = (
				4F7F957E1B0E3CDA00F7A55F /* Add Category Linker Flags.png */,
				4F7F957F1B0E3CDA00F7A55F /* Add Header Search Paths.png */,
				4F7F95801B0E3CDA00F7A55F /* Add KIF Preprocessor Macro.png */,
				4F7F95811B0E3CDA00F7A55F /* Add Library Sheet.png */,
				4F7F95821B0E3CDA00F7A55F /* Add Library.png */,
				4F7F95831B0E3CDA00F7A55F /* Added KIF to Project.png */,
				4F7F95841B0E3CDA00F7A55F /* Create Workspace.png */,
				4F7F95851B0E3CDA00F7A55F /* Duplicate Target Confirmation.png */,
				4F7F95861B0E3CDA00F7A55F /* Duplicate Target.png */,
				4F7F95871B0E3CDA00F7A55F /* Rename Product.png */,
				4F7F95881B0E3CDA00F7A55F /* Rename Target.png */,
				4F7F95891B0E3CDA00F7A55F /* Simple App.png */,
			);
			path = Images;
			sourceTree = "<group>";
		};
		4F7F958B1B0E3CDA00F7A55F /* IdentifierTests */ = {
			isa = PBXGroup;
			children = (
				4F7F958C1B0E3CDA00F7A55F /* KIFUITestActor-IdentifierTests.h */,
				4F7F958D1B0E3CDA00F7A55F /* KIFUITestActor-IdentifierTests.m */,
			);
			path = IdentifierTests;
			sourceTree = "<group>";
		};
		4F7F958E1B0E3CDA00F7A55F /* KIF Tests */ = {
			isa = PBXGroup;
			children = (
				4F7F958F1B0E3CDA00F7A55F /* AccessibilityIdentifierTests.m */,
				4F7F95901B0E3CDA00F7A55F /* CascadingFailureTests.m */,
				4F7F95911B0E3CDA00F7A55F /* CollectionViewTests.m */,
				4F7F95921B0E3CDA00F7A55F /* CompositionTests.m */,
				4F7F95931B0E3CDA00F7A55F /* InfoPlist.strings */,
				4F7F95951B0E3CDA00F7A55F /* ExistTests.m */,
				4F7F95961B0E3CDA00F7A55F /* GestureTests.m */,
				4F7F95971B0E3CDA00F7A55F /* KIF Tests-Info.plist */,
				4F7F95981B0E3CDA00F7A55F /* KIF Tests-Prefix.pch */,
				4F7F95991B0E3CDA00F7A55F /* KIF XCTests-Prefix.pch */,
				4F7F959A1B0E3CDA00F7A55F /* LandscapeTests.m */,
				4F7F959B1B0E3CDA00F7A55F /* LongPressTests.m */,
				4F7F959C1B0E3CDA00F7A55F /* ModalViewTests.m */,
				4F7F959D1B0E3CDA00F7A55F /* MultiFingerTests.m */,
				4F7F959E1B0E3CDA00F7A55F /* PickerTests.m */,
				4F7F959F1B0E3CDA00F7A55F /* ScrollViewTests.m */,
				4F7F95A01B0E3CDA00F7A55F /* SearchFieldTests.m */,
				4F7F95A11B0E3CDA00F7A55F /* SpecificControlTests.m */,
				4F7F95A21B0E3CDA00F7A55F /* SystemAlertTests.m */,
				4F7F95A31B0E3CDA00F7A55F /* SystemTests.m */,
				4F7F95A41B0E3CDA00F7A55F /* TableViewTests.m */,
				4F7F95A51B0E3CDA00F7A55F /* TappingTests.m */,
				4F7F95A61B0E3CDA00F7A55F /* TypingTests.m */,
				4F7F95A71B0E3CDA00F7A55F /* WaitForAbscenceTests.m */,
				4F7F95A81B0E3CDA00F7A55F /* WaitForAnimationTests.m */,
				4F7F95A91B0E3CDA00F7A55F /* WaitForTappableViewTests.m */,
				4F7F95AA1B0E3CDA00F7A55F /* WaitForViewTests.m */,
				4F7F95AB1B0E3CDA00F7A55F /* WebViewTests.m */,
			);
			path = "KIF Tests";
			sourceTree = "<group>";
		};
		4F7F95AE1B0E3CDA00F7A55F /* Products */ = {
			isa = PBXGroup;
			children = (
				4F7F96581B0E3CDA00F7A55F /* libKIF.a */,
				4F7F965A1B0E3CDA00F7A55F /* Test Host.app */,
				4F7F965C1B0E3CDA00F7A55F /* KIFFramework.framework */,
			);
			name = Products;
			sourceTree = "<group>";
		};
		4F7F95B01B0E3CDA00F7A55F /* KIFFramework */ = {
			isa = PBXGroup;
			children = (
				4F7F95B11B0E3CDA00F7A55F /* Info.plist */,
				4F7F95B21B0E3CDA00F7A55F /* KIFFramework.h */,
			);
			path = KIFFramework;
			sourceTree = "<group>";
		};
		4F7F95B51B0E3CDA00F7A55F /* Test Host */ = {
			isa = PBXGroup;
			children = (
				4F7F95B61B0E3CDA00F7A55F /* AnimationViewController.m */,
				4F7F95B71B0E3CDA00F7A55F /* AppDelegate.m */,
				4F7F95B81B0E3CDA00F7A55F /* CollectionViewController.m */,
				4F7F95B91B0E3CDA00F7A55F /* Default-568h@2x.png */,
				4F7F95BA1B0E3CDA00F7A55F /* Default.png */,
				4F7F95BB1B0E3CDA00F7A55F /* Default@2x.png */,
				4F7F95BC1B0E3CDA00F7A55F /* InfoPlist.strings */,
				4F7F95BE1B0E3CDA00F7A55F /* MainStoryboard.storyboard */,
				4F7F95C01B0E3CDA00F7A55F /* GestureViewController.m */,
				4F7F95C11B0E3CDA00F7A55F /* index.html */,
				4F7F95C21B0E3CDA00F7A55F /* main.m */,
				4F7F95C31B0E3CDA00F7A55F /* page2.html */,
				4F7F95C41B0E3CDA00F7A55F /* PickerController.m */,
				4F7F95C51B0E3CDA00F7A55F /* ScrollViewController.m */,
				4F7F95C61B0E3CDA00F7A55F /* ShowHideViewController.m */,
				4F7F95C71B0E3CDA00F7A55F /* SystemAlertViewController.m */,
				4F7F95C81B0E3CDA00F7A55F /* TableViewController.m */,
				4F7F95C91B0E3CDA00F7A55F /* TapViewController.m */,
				4F7F95CA1B0E3CDA00F7A55F /* Test Host-Info.plist */,
				4F7F95CB1B0E3CDA00F7A55F /* Test Host-Prefix.pch */,
				4F7F95CC1B0E3CDA00F7A55F /* TestSuiteViewController.m */,
				4F7F95CD1B0E3CDA00F7A55F /* WebViewController.m */,
			);
			path = "Test Host";
			sourceTree = "<group>";
		};
/* End PBXGroup section */

/* Begin PBXNativeTarget section */
		4F7F94CF1B0E3C4D00F7A55F /* TestAutomation */ = {
			isa = PBXNativeTarget;
			buildConfigurationList = 4F7F94EF1B0E3C4D00F7A55F /* Build configuration list for PBXNativeTarget "TestAutomation" */;
			buildPhases = (
				4F7F94CC1B0E3C4D00F7A55F /* Sources */,
				4F7F94CD1B0E3C4D00F7A55F /* Frameworks */,
				4F7F94CE1B0E3C4D00F7A55F /* Resources */,
			);
			buildRules = (
			);
			dependencies = (
			);
			name = TestAutomation;
			productName = TestAutomation;
			productReference = 4F7F94D01B0E3C4D00F7A55F /* TestAutomation.app */;
			productType = "com.apple.product-type.application";
		};
		4F7F94E41B0E3C4D00F7A55F /* TestAutomationTests */ = {
			isa = PBXNativeTarget;
			buildConfigurationList = 4F7F94F21B0E3C4D00F7A55F /* Build configuration list for PBXNativeTarget "TestAutomationTests" */;
			buildPhases = (
				4F7F94E11B0E3C4D00F7A55F /* Sources */,
				4F7F94E21B0E3C4D00F7A55F /* Frameworks */,
				4F7F94E31B0E3C4D00F7A55F /* Resources */,
			);
			buildRules = (
			);
			dependencies = (
				4F7F94E71B0E3C4D00F7A55F /* PBXTargetDependency */,
				4F7F966B1B0E3D0500F7A55F /* PBXTargetDependency */,
			);
			name = TestAutomationTests;
			productName = TestAutomationTests;
			productReference = 4F7F94E51B0E3C4D00F7A55F /* TestAutomationTests.xctest */;
			productType = "com.apple.product-type.bundle.unit-test";
		};
/* End PBXNativeTarget section */

/* Begin PBXProject section */
		4F7F94C81B0E3C4D00F7A55F /* Project object */ = {
			isa = PBXProject;
			attributes = {
				LastUpgradeCheck = 0630;
				ORGANIZATIONNAME = "Mark Cochran";
				TargetAttributes = {
					4F7F94CF1B0E3C4D00F7A55F = {
						CreatedOnToolsVersion = 6.3.2;
					};
					4F7F94E41B0E3C4D00F7A55F = {
						CreatedOnToolsVersion = 6.3.2;
						TestTargetID = 4F7F94CF1B0E3C4D00F7A55F;
					};
				};
			};
			buildConfigurationList = 4F7F94CB1B0E3C4D00F7A55F /* Build configuration list for PBXProject "TestAutomation" */;
			compatibilityVersion = "Xcode 3.2";
			developmentRegion = English;
			hasScannedForEncodings = 0;
			knownRegions = (
				en,
				Base,
			);
			mainGroup = 4F7F94C71B0E3C4D00F7A55F;
			productRefGroup = 4F7F94D11B0E3C4D00F7A55F /* Products */;
			projectDirPath = "";
			projectReferences = (
				{
					ProductGroup = 4F7F954A1B0E3CDA00F7A55F /* Products */;
					ProjectRef = 4F7F95491B0E3CDA00F7A55F /* Calculator.xcodeproj */;
				},
				{
					ProductGroup = 4F7F95AE1B0E3CDA00F7A55F /* Products */;
					ProjectRef = 4F7F95AD1B0E3CDA00F7A55F /* KIF.xcodeproj */;
				},
				{
					ProductGroup = 4F7F95741B0E3CDA00F7A55F /* Products */;
					ProjectRef = 4F7F95731B0E3CDA00F7A55F /* Testable Swift.xcodeproj */;
				},
				{
					ProductGroup = 4F7F95661B0E3CDA00F7A55F /* Products */;
					ProjectRef = 4F7F95651B0E3CDA00F7A55F /* Testable.xcodeproj */;
				},
			);
			projectRoot = "";
			targets = (
				4F7F94CF1B0E3C4D00F7A55F /* TestAutomation */,
				4F7F94E41B0E3C4D00F7A55F /* TestAutomationTests */,
			);
		};
/* End PBXProject section */

/* Begin PBXReferenceProxy section */
		4F7F96511B0E3CDA00F7A55F /* Calculator.app */ = {
			isa = PBXReferenceProxy;
			fileType = wrapper.application;
			path = Calculator.app;
			remoteRef = 4F7F96501B0E3CDA00F7A55F /* PBXContainerItemProxy */;
			sourceTree = BUILT_PRODUCTS_DIR;
		};
		4F7F96531B0E3CDA00F7A55F /* Acceptance Tests.octest */ = {
			isa = PBXReferenceProxy;
			fileType = wrapper.cfbundle;
			path = "Acceptance Tests.octest";
			remoteRef = 4F7F96521B0E3CDA00F7A55F /* PBXContainerItemProxy */;
			sourceTree = BUILT_PRODUCTS_DIR;
		};
		4F7F96581B0E3CDA00F7A55F /* libKIF.a */ = {
			isa = PBXReferenceProxy;
			fileType = archive.ar;
			path = libKIF.a;
			remoteRef = 4F7F96571B0E3CDA00F7A55F /* PBXContainerItemProxy */;
			sourceTree = BUILT_PRODUCTS_DIR;
		};
		4F7F965A1B0E3CDA00F7A55F /* Test Host.app */ = {
			isa = PBXReferenceProxy;
			fileType = wrapper.application;
			path = "Test Host.app";
			remoteRef = 4F7F96591B0E3CDA00F7A55F /* PBXContainerItemProxy */;
			sourceTree = BUILT_PRODUCTS_DIR;
		};
		4F7F965C1B0E3CDA00F7A55F /* KIFFramework.framework */ = {
			isa = PBXReferenceProxy;
			fileType = wrapper.framework;
			path = KIFFramework.framework;
			remoteRef = 4F7F965B1B0E3CDA00F7A55F /* PBXContainerItemProxy */;
			sourceTree = BUILT_PRODUCTS_DIR;
		};
		4F7F96601B0E3CDA00F7A55F /* Testable Swift.app */ = {
			isa = PBXReferenceProxy;
			fileType = wrapper.application;
			path = "Testable Swift.app";
			remoteRef = 4F7F965F1B0E3CDA00F7A55F /* PBXContainerItemProxy */;
			sourceTree = BUILT_PRODUCTS_DIR;
		};
		4F7F96621B0E3CDA00F7A55F /* Testable SwiftTests.xctest */ = {
			isa = PBXReferenceProxy;
			fileType = wrapper.cfbundle;
			path = "Testable SwiftTests.xctest";
			remoteRef = 4F7F96611B0E3CDA00F7A55F /* PBXContainerItemProxy */;
			sourceTree = BUILT_PRODUCTS_DIR;
		};
		4F7F96661B0E3CDA00F7A55F /* Testable.app */ = {
			isa = PBXReferenceProxy;
			fileType = wrapper.application;
			path = Testable.app;
			remoteRef = 4F7F96651B0E3CDA00F7A55F /* PBXContainerItemProxy */;
			sourceTree = BUILT_PRODUCTS_DIR;
		};
		4F7F96681B0E3CDA00F7A55F /* Acceptance Tests.octest */ = {
			isa = PBXReferenceProxy;
			fileType = wrapper.cfbundle;
			path = "Acceptance Tests.octest";
			remoteRef = 4F7F96671B0E3CDA00F7A55F /* PBXContainerItemProxy */;
			sourceTree = BUILT_PRODUCTS_DIR;
		};
/* End PBXReferenceProxy section */

/* Begin PBXResourcesBuildPhase section */
		4F7F94CE1B0E3C4D00F7A55F /* Resources */ = {
			isa = PBXResourcesBuildPhase;
			buildActionMask = 2147483647;
			files = (
				4F7F94DB1B0E3C4D00F7A55F /* Main.storyboard in Resources */,
				4F7F94E01B0E3C4D00F7A55F /* LaunchScreen.xib in Resources */,
				4F7F94DD1B0E3C4D00F7A55F /* Images.xcassets in Resources */,
			);
			runOnlyForDeploymentPostprocessing = 0;
		};
		4F7F94E31B0E3C4D00F7A55F /* Resources */ = {
			isa = PBXResourcesBuildPhase;
			buildActionMask = 2147483647;
			files = (
			);
			runOnlyForDeploymentPostprocessing = 0;
		};
/* End PBXResourcesBuildPhase section */

/* Begin PBXSourcesBuildPhase section */
		4F7F94CC1B0E3C4D00F7A55F /* Sources */ = {
			isa = PBXSourcesBuildPhase;
			buildActionMask = 2147483647;
			files = (
				4F7F94D81B0E3C4D00F7A55F /* ViewController.swift in Sources */,
				4F7F94D61B0E3C4D00F7A55F /* AppDelegate.swift in Sources */,
			);
			runOnlyForDeploymentPostprocessing = 0;
		};
		4F7F94E11B0E3C4D00F7A55F /* Sources */ = {
			isa = PBXSourcesBuildPhase;
			buildActionMask = 2147483647;
			files = (
				4F7F96721B0E402500F7A55F /* TestAutomationTests.swift in Sources */,
				4F7F96731B0E407100F7A55F /* KifExtension.swift in Sources */,
				4F7F96741B0E407300F7A55F /* SampleTest.swift in Sources */,
			);
			runOnlyForDeploymentPostprocessing = 0;
		};
/* End PBXSourcesBuildPhase section */

/* Begin PBXTargetDependency section */
		4F7F94E71B0E3C4D00F7A55F /* PBXTargetDependency */ = {
			isa = PBXTargetDependency;
			target = 4F7F94CF1B0E3C4D00F7A55F /* TestAutomation */;
			targetProxy = 4F7F94E61B0E3C4D00F7A55F /* PBXContainerItemProxy */;
		};
		4F7F966B1B0E3D0500F7A55F /* PBXTargetDependency */ = {
			isa = PBXTargetDependency;
			name = KIF;
			targetProxy = 4F7F966A1B0E3D0500F7A55F /* PBXContainerItemProxy */;
		};
/* End PBXTargetDependency section */

/* Begin PBXVariantGroup section */
		4F7F94D91B0E3C4D00F7A55F /* Main.storyboard */ = {
			isa = PBXVariantGroup;
			children = (
				4F7F94DA1B0E3C4D00F7A55F /* Base */,
			);
			name = Main.storyboard;
			sourceTree = "<group>";
		};
		4F7F94DE1B0E3C4D00F7A55F /* LaunchScreen.xib */ = {
			isa = PBXVariantGroup;
			children = (
				4F7F94DF1B0E3C4D00F7A55F /* Base */,
			);
			name = LaunchScreen.xib;
			sourceTree = "<group>";
		};
		4F7F95311B0E3CDA00F7A55F /* InfoPlist.strings */ = {
			isa = PBXVariantGroup;
			children = (
				4F7F95321B0E3CDA00F7A55F /* en */,
			);
			name = InfoPlist.strings;
			sourceTree = "<group>";
		};
		4F7F95411B0E3CDA00F7A55F /* BasicCalculatorViewController.xib */ = {
			isa = PBXVariantGroup;
			children = (
				4F7F95421B0E3CDA00F7A55F /* en */,
			);
			name = BasicCalculatorViewController.xib;
			sourceTree = "<group>";
		};
		4F7F95431B0E3CDA00F7A55F /* InfoPlist.strings */ = {
			isa = PBXVariantGroup;
			children = (
				4F7F95441B0E3CDA00F7A55F /* en */,
			);
			name = InfoPlist.strings;
			sourceTree = "<group>";
		};
		4F7F95511B0E3CDA00F7A55F /* InfoPlist.strings */ = {
			isa = PBXVariantGroup;
			children = (
				4F7F95521B0E3CDA00F7A55F /* en */,
			);
			name = InfoPlist.strings;
			sourceTree = "<group>";
		};
		4F7F95581B0E3CDA00F7A55F /* InfoPlist.strings */ = {
			isa = PBXVariantGroup;
			children = (
				4F7F95591B0E3CDA00F7A55F /* en */,
			);
			name = InfoPlist.strings;
			sourceTree = "<group>";
		};
		4F7F955A1B0E3CDA00F7A55F /* MainWindow.xib */ = {
			isa = PBXVariantGroup;
			children = (
				4F7F955B1B0E3CDA00F7A55F /* en */,
			);
			name = MainWindow.xib;
			sourceTree = "<group>";
		};
		4F7F955C1B0E3CDA00F7A55F /* RootViewController.xib */ = {
			isa = PBXVariantGroup;
			children = (
				4F7F955D1B0E3CDA00F7A55F /* en */,
			);
			name = RootViewController.xib;
			sourceTree = "<group>";
		};
		4F7F956C1B0E3CDA00F7A55F /* LaunchScreen.xib */ = {
			isa = PBXVariantGroup;
			children = (
				4F7F956D1B0E3CDA00F7A55F /* Base */,
			);
			name = LaunchScreen.xib;
			sourceTree = "<group>";
		};
		4F7F956E1B0E3CDA00F7A55F /* Main.storyboard */ = {
			isa = PBXVariantGroup;
			children = (
				4F7F956F1B0E3CDA00F7A55F /* Base */,
			);
			name = Main.storyboard;
			sourceTree = "<group>";
		};
		4F7F95931B0E3CDA00F7A55F /* InfoPlist.strings */ = {
			isa = PBXVariantGroup;
			children = (
				4F7F95941B0E3CDA00F7A55F /* en */,
			);
			name = InfoPlist.strings;
			sourceTree = "<group>";
		};
		4F7F95BC1B0E3CDA00F7A55F /* InfoPlist.strings */ = {
			isa = PBXVariantGroup;
			children = (
				4F7F95BD1B0E3CDA00F7A55F /* en */,
			);
			name = InfoPlist.strings;
			sourceTree = "<group>";
		};
		4F7F95BE1B0E3CDA00F7A55F /* MainStoryboard.storyboard */ = {
			isa = PBXVariantGroup;
			children = (
				4F7F95BF1B0E3CDA00F7A55F /* en */,
			);
			name = MainStoryboard.storyboard;
			sourceTree = "<group>";
		};
/* End PBXVariantGroup section */

/* Begin XCBuildConfiguration section */
		4F7F94ED1B0E3C4D00F7A55F /* Debug */ = {
			isa = XCBuildConfiguration;
			buildSettings = {
				ALWAYS_SEARCH_USER_PATHS = NO;
				CLANG_CXX_LANGUAGE_STANDARD = "gnu++0x";
				CLANG_CXX_LIBRARY = "libc++";
				CLANG_ENABLE_MODULES = YES;
				CLANG_ENABLE_OBJC_ARC = YES;
				CLANG_WARN_BOOL_CONVERSION = YES;
				CLANG_WARN_CONSTANT_CONVERSION = YES;
				CLANG_WARN_DIRECT_OBJC_ISA_USAGE = YES_ERROR;
				CLANG_WARN_EMPTY_BODY = YES;
				CLANG_WARN_ENUM_CONVERSION = YES;
				CLANG_WARN_INT_CONVERSION = YES;
				CLANG_WARN_OBJC_ROOT_CLASS = YES_ERROR;
				CLANG_WARN_UNREACHABLE_CODE = YES;
				CLANG_WARN__DUPLICATE_METHOD_MATCH = YES;
				"CODE_SIGN_IDENTITY[sdk=iphoneos*]" = "iPhone Developer";
				COPY_PHASE_STRIP = NO;
				DEBUG_INFORMATION_FORMAT = "dwarf-with-dsym";
				ENABLE_STRICT_OBJC_MSGSEND = YES;
				GCC_C_LANGUAGE_STANDARD = gnu99;
				GCC_DYNAMIC_NO_PIC = NO;
				GCC_NO_COMMON_BLOCKS = YES;
				GCC_OPTIMIZATION_LEVEL = 0;
				GCC_PREPROCESSOR_DEFINITIONS = (
					"DEBUG=1",
					"$(inherited)",
				);
				GCC_SYMBOLS_PRIVATE_EXTERN = NO;
				GCC_WARN_64_TO_32_BIT_CONVERSION = YES;
				GCC_WARN_ABOUT_RETURN_TYPE = YES_ERROR;
				GCC_WARN_UNDECLARED_SELECTOR = YES;
				GCC_WARN_UNINITIALIZED_AUTOS = YES_AGGRESSIVE;
				GCC_WARN_UNUSED_FUNCTION = YES;
				GCC_WARN_UNUSED_VARIABLE = YES;
				IPHONEOS_DEPLOYMENT_TARGET = 8.3;
				MTL_ENABLE_DEBUG_INFO = YES;
				ONLY_ACTIVE_ARCH = YES;
				SDKROOT = iphoneos;
				SWIFT_OPTIMIZATION_LEVEL = "-Onone";
			};
			name = Debug;
		};
		4F7F94EE1B0E3C4D00F7A55F /* Release */ = {
			isa = XCBuildConfiguration;
			buildSettings = {
				ALWAYS_SEARCH_USER_PATHS = NO;
				CLANG_CXX_LANGUAGE_STANDARD = "gnu++0x";
				CLANG_CXX_LIBRARY = "libc++";
				CLANG_ENABLE_MODULES = YES;
				CLANG_ENABLE_OBJC_ARC = YES;
				CLANG_WARN_BOOL_CONVERSION = YES;
				CLANG_WARN_CONSTANT_CONVERSION = YES;
				CLANG_WARN_DIRECT_OBJC_ISA_USAGE = YES_ERROR;
				CLANG_WARN_EMPTY_BODY = YES;
				CLANG_WARN_ENUM_CONVERSION = YES;
				CLANG_WARN_INT_CONVERSION = YES;
				CLANG_WARN_OBJC_ROOT_CLASS = YES_ERROR;
				CLANG_WARN_UNREACHABLE_CODE = YES;
				CLANG_WARN__DUPLICATE_METHOD_MATCH = YES;
				"CODE_SIGN_IDENTITY[sdk=iphoneos*]" = "iPhone Developer";
				COPY_PHASE_STRIP = NO;
				DEBUG_INFORMATION_FORMAT = "dwarf-with-dsym";
				ENABLE_NS_ASSERTIONS = NO;
				ENABLE_STRICT_OBJC_MSGSEND = YES;
				GCC_C_LANGUAGE_STANDARD = gnu99;
				GCC_NO_COMMON_BLOCKS = YES;
				GCC_WARN_64_TO_32_BIT_CONVERSION = YES;
				GCC_WARN_ABOUT_RETURN_TYPE = YES_ERROR;
				GCC_WARN_UNDECLARED_SELECTOR = YES;
				GCC_WARN_UNINITIALIZED_AUTOS = YES_AGGRESSIVE;
				GCC_WARN_UNUSED_FUNCTION = YES;
				GCC_WARN_UNUSED_VARIABLE = YES;
				IPHONEOS_DEPLOYMENT_TARGET = 8.3;
				MTL_ENABLE_DEBUG_INFO = NO;
				SDKROOT = iphoneos;
				VALIDATE_PRODUCT = YES;
			};
			name = Release;
		};
		4F7F94F01B0E3C4D00F7A55F /* Debug */ = {
			isa = XCBuildConfiguration;
			buildSettings = {
				ASSETCATALOG_COMPILER_APPICON_NAME = AppIcon;
				INFOPLIST_FILE = TestAutomation/Info.plist;
				LD_RUNPATH_SEARCH_PATHS = "$(inherited) @executable_path/Frameworks";
				PRODUCT_NAME = "$(TARGET_NAME)";
			};
			name = Debug;
		};
		4F7F94F11B0E3C4D00F7A55F /* Release */ = {
			isa = XCBuildConfiguration;
			buildSettings = {
				ASSETCATALOG_COMPILER_APPICON_NAME = AppIcon;
				INFOPLIST_FILE = TestAutomation/Info.plist;
				LD_RUNPATH_SEARCH_PATHS = "$(inherited) @executable_path/Frameworks";
				PRODUCT_NAME = "$(TARGET_NAME)";
			};
			name = Release;
		};
		4F7F94F31B0E3C4D00F7A55F /* Debug */ = {
			isa = XCBuildConfiguration;
			buildSettings = {
				BUNDLE_LOADER = "$(TEST_HOST)";
				CLANG_ENABLE_MODULES = YES;
				FRAMEWORK_SEARCH_PATHS = (
					"$(SDKROOT)/Developer/Library/Frameworks",
					"$(inherited)",
				);
				GCC_PREPROCESSOR_DEFINITIONS = (
					"DEBUG=1",
					"$(inherited)",
				);
				INFOPLIST_FILE = TestAutomationTests/Info.plist;
				LD_RUNPATH_SEARCH_PATHS = "$(inherited) @executable_path/Frameworks @loader_path/Frameworks";
				OTHER_LDFLAGS = (
					"$(inherited)",
					"-framework",
					XCTest,
					"-ObjC",
				);
				PRODUCT_NAME = "$(TARGET_NAME)";
				SWIFT_OBJC_BRIDGING_HEADER = "TestAutomationTests/TestAutomationTests-Bridging-Header.h";
				SWIFT_OPTIMIZATION_LEVEL = "-Onone";
				TEST_HOST = "$(BUILT_PRODUCTS_DIR)/TestAutomation.app/TestAutomation";
			};
			name = Debug;
		};
		4F7F94F41B0E3C4D00F7A55F /* Release */ = {
			isa = XCBuildConfiguration;
			buildSettings = {
				BUNDLE_LOADER = "$(TEST_HOST)";
				CLANG_ENABLE_MODULES = YES;
				FRAMEWORK_SEARCH_PATHS = (
					"$(SDKROOT)/Developer/Library/Frameworks",
					"$(inherited)",
				);
				INFOPLIST_FILE = TestAutomationTests/Info.plist;
				LD_RUNPATH_SEARCH_PATHS = "$(inherited) @executable_path/Frameworks @loader_path/Frameworks";
				OTHER_LDFLAGS = (
					"$(inherited)",
					"-framework",
					XCTest,
					"-ObjC",
				);
				PRODUCT_NAME = "$(TARGET_NAME)";
				SWIFT_OBJC_BRIDGING_HEADER = "TestAutomationTests/TestAutomationTests-Bridging-Header.h";
				TEST_HOST = "$(BUILT_PRODUCTS_DIR)/TestAutomation.app/TestAutomation";
			};
			name = Release;
		};
/* End XCBuildConfiguration section */

/* Begin XCConfigurationList section */
		4F7F94CB1B0E3C4D00F7A55F /* Build configuration list for PBXProject "TestAutomation" */ = {
			isa = XCConfigurationList;
			buildConfigurations = (
				4F7F94ED1B0E3C4D00F7A55F /* Debug */,
				4F7F94EE1B0E3C4D00F7A55F /* Release */,
			);
			defaultConfigurationIsVisible = 0;
			defaultConfigurationName = Release;
		};
		4F7F94EF1B0E3C4D00F7A55F /* Build configuration list for PBXNativeTarget "TestAutomation" */ = {
			isa = XCConfigurationList;
			buildConfigurations = (
				4F7F94F01B0E3C4D00F7A55F /* Debug */,
				4F7F94F11B0E3C4D00F7A55F /* Release */,
			);
			defaultConfigurationIsVisible = 0;
			defaultConfigurationName = Release;
		};
		4F7F94F21B0E3C4D00F7A55F /* Build configuration list for PBXNativeTarget "TestAutomationTests" */ = {
			isa = XCConfigurationList;
			buildConfigurations = (
				4F7F94F31B0E3C4D00F7A55F /* Debug */,
				4F7F94F41B0E3C4D00F7A55F /* Release */,
			);
			defaultConfigurationIsVisible = 0;
			defaultConfigurationName = Release;
		};
/* End XCConfigurationList section */
	};
	rootObject = 4F7F94C81B0E3C4D00F7A55F /* Project object */;
}
